// !$*UTF8*$!
{
	archiveVersion = 1;
	classes = {
	};
	objectVersion = 56;
	objects = {

/* Begin PBXBuildFile section */
		DA1A8D2D2BB7067B00F570B0 /* BCPageThree.swift in Sources */ = {isa = PBXBuildFile; fileRef = DA1A8D2C2BB7067B00F570B0 /* BCPageThree.swift */; };
		DA1A8D2F2BB706A000F570B0 /* Page3Sec1.swift in Sources */ = {isa = PBXBuildFile; fileRef = DA1A8D2E2BB706A000F570B0 /* Page3Sec1.swift */; };
		DA1A8D312BB720F500F570B0 /* Page3Sec2.swift in Sources */ = {isa = PBXBuildFile; fileRef = DA1A8D302BB720F500F570B0 /* Page3Sec2.swift */; };
		DA1A8D332BB7274700F570B0 /* Page3Sec3.swift in Sources */ = {isa = PBXBuildFile; fileRef = DA1A8D322BB7274700F570B0 /* Page3Sec3.swift */; };
		DA1A8D352BB74F7600F570B0 /* BranchChecklistPage2Model.swift in Sources */ = {isa = PBXBuildFile; fileRef = DA1A8D342BB74F7600F570B0 /* BranchChecklistPage2Model.swift */; };
		DA1A8D372BB7517A00F570B0 /* BranchChecklistPage3Model.swift in Sources */ = {isa = PBXBuildFile; fileRef = DA1A8D362BB7517A00F570B0 /* BranchChecklistPage3Model.swift */; };
		DA1A8D3A2BB75AD000F570B0 /* BCPageFour.swift in Sources */ = {isa = PBXBuildFile; fileRef = DA1A8D392BB75AD000F570B0 /* BCPageFour.swift */; };
		DA1A8D3C2BB75B8C00F570B0 /* Page4Sect1.swift in Sources */ = {isa = PBXBuildFile; fileRef = DA1A8D3B2BB75B8C00F570B0 /* Page4Sect1.swift */; };
		DA1A8D3E2BB75EBB00F570B0 /* Page4Sect2.swift in Sources */ = {isa = PBXBuildFile; fileRef = DA1A8D3D2BB75EBB00F570B0 /* Page4Sect2.swift */; };
		DA1A8D402BB7610D00F570B0 /* Page4Sect3.swift in Sources */ = {isa = PBXBuildFile; fileRef = DA1A8D3F2BB7610D00F570B0 /* Page4Sect3.swift */; };
		DA1A8D422BB7626700F570B0 /* Page4Sect4.swift in Sources */ = {isa = PBXBuildFile; fileRef = DA1A8D412BB7626700F570B0 /* Page4Sect4.swift */; };
		DA1A8D442BB7647900F570B0 /* BranchChecklistPage4Model.swift in Sources */ = {isa = PBXBuildFile; fileRef = DA1A8D432BB7647900F570B0 /* BranchChecklistPage4Model.swift */; };
		DA1A8D492BBC4DE800F570B0 /* BCPageFive.swift in Sources */ = {isa = PBXBuildFile; fileRef = DA1A8D482BBC4DE800F570B0 /* BCPageFive.swift */; };
		DA1A8D4B2BBC4FD000F570B0 /* Page5Sect1.swift in Sources */ = {isa = PBXBuildFile; fileRef = DA1A8D4A2BBC4FD000F570B0 /* Page5Sect1.swift */; };
		DA1A8D4D2BBC523A00F570B0 /* Page5Sect2.swift in Sources */ = {isa = PBXBuildFile; fileRef = DA1A8D4C2BBC523A00F570B0 /* Page5Sect2.swift */; };
		DA1A8D4F2BBC53BC00F570B0 /* Page5Sect3.swift in Sources */ = {isa = PBXBuildFile; fileRef = DA1A8D4E2BBC53BC00F570B0 /* Page5Sect3.swift */; };
		DA1A8D512BBC554100F570B0 /* BranchChecklistPage5Model.swift in Sources */ = {isa = PBXBuildFile; fileRef = DA1A8D502BBC554100F570B0 /* BranchChecklistPage5Model.swift */; };
		DA1A8D542BBC5A2A00F570B0 /* BCPageSix.swift in Sources */ = {isa = PBXBuildFile; fileRef = DA1A8D532BBC5A2A00F570B0 /* BCPageSix.swift */; };
		DA1A8D562BBC5AC700F570B0 /* Page6Sect1.swift in Sources */ = {isa = PBXBuildFile; fileRef = DA1A8D552BBC5AC700F570B0 /* Page6Sect1.swift */; };
		DA1A8D582BBC5CD800F570B0 /* Page6Sect2.swift in Sources */ = {isa = PBXBuildFile; fileRef = DA1A8D572BBC5CD800F570B0 /* Page6Sect2.swift */; };
		DA1A8D5A2BBC5DD200F570B0 /* Page6Sect3.swift in Sources */ = {isa = PBXBuildFile; fileRef = DA1A8D592BBC5DD200F570B0 /* Page6Sect3.swift */; };
		DA1A8D5C2BBC5E9D00F570B0 /* BranchChecklistPage6Model.swift in Sources */ = {isa = PBXBuildFile; fileRef = DA1A8D5B2BBC5E9D00F570B0 /* BranchChecklistPage6Model.swift */; };
		DA1A8D5F2BBDB04F00F570B0 /* BCPageSeven.swift in Sources */ = {isa = PBXBuildFile; fileRef = DA1A8D5E2BBDB04F00F570B0 /* BCPageSeven.swift */; };
		DA1A8D612BBDB0D900F570B0 /* Page7Sect1.swift in Sources */ = {isa = PBXBuildFile; fileRef = DA1A8D602BBDB0D900F570B0 /* Page7Sect1.swift */; };
		DA1A8D632BBDBBF900F570B0 /* Page7Sect2.swift in Sources */ = {isa = PBXBuildFile; fileRef = DA1A8D622BBDBBF900F570B0 /* Page7Sect2.swift */; };
		DA1A8D652BBDBF7F00F570B0 /* Page7Sect3.swift in Sources */ = {isa = PBXBuildFile; fileRef = DA1A8D642BBDBF7F00F570B0 /* Page7Sect3.swift */; };
		DA1A8D672BBDC09C00F570B0 /* Page7Sect4.swift in Sources */ = {isa = PBXBuildFile; fileRef = DA1A8D662BBDC09C00F570B0 /* Page7Sect4.swift */; };
		DA1A8D692BBDC42F00F570B0 /* BranchChecklistPage7Model.swift in Sources */ = {isa = PBXBuildFile; fileRef = DA1A8D682BBDC42F00F570B0 /* BranchChecklistPage7Model.swift */; };
		DA1A8D6C2BBDE51600F570B0 /* BCPageEight.swift in Sources */ = {isa = PBXBuildFile; fileRef = DA1A8D6B2BBDE51600F570B0 /* BCPageEight.swift */; };
		DA1A8D6E2BBDE53100F570B0 /* Page8Sect1.swift in Sources */ = {isa = PBXBuildFile; fileRef = DA1A8D6D2BBDE53100F570B0 /* Page8Sect1.swift */; };
		DA1A8D702BBDE8AE00F570B0 /* BranchChecklistPage8Model.swift in Sources */ = {isa = PBXBuildFile; fileRef = DA1A8D6F2BBDE8AE00F570B0 /* BranchChecklistPage8Model.swift */; };
		DA1A8D722BBDEB6400F570B0 /* Page8Sect2.swift in Sources */ = {isa = PBXBuildFile; fileRef = DA1A8D712BBDEB6400F570B0 /* Page8Sect2.swift */; };
		DA28D53C2BA213E0003A4797 /* ObservationForm.swift in Sources */ = {isa = PBXBuildFile; fileRef = DA28D53B2BA213E0003A4797 /* ObservationForm.swift */; };
		DA52ADC52BBF1E55005EAC26 /* ForkliftChecklistInfoViewModel.swift in Sources */ = {isa = PBXBuildFile; fileRef = DA52ADC42BBF1E55005EAC26 /* ForkliftChecklistInfoViewModel.swift */; };
		DA52ADC82BBF2A5C005EAC26 /* AddForkliftInfo.swift in Sources */ = {isa = PBXBuildFile; fileRef = DA52ADC72BBF2A5C005EAC26 /* AddForkliftInfo.swift */; };
		DA52ADCA2BBF2ACA005EAC26 /* ForkliftDetailInfo.swift in Sources */ = {isa = PBXBuildFile; fileRef = DA52ADC92BBF2ACA005EAC26 /* ForkliftDetailInfo.swift */; };
		DA52ADCD2BC04D75005EAC26 /* Page8Sect3.swift in Sources */ = {isa = PBXBuildFile; fileRef = DA52ADCC2BC04D75005EAC26 /* Page8Sect3.swift */; };
		DA52ADCF2BC05786005EAC26 /* AddPickerInfo.swift in Sources */ = {isa = PBXBuildFile; fileRef = DA52ADCE2BC05786005EAC26 /* AddPickerInfo.swift */; };
		DA52ADD12BC058CD005EAC26 /* PickerDetailInfo.swift in Sources */ = {isa = PBXBuildFile; fileRef = DA52ADD02BC058CD005EAC26 /* PickerDetailInfo.swift */; };
		DA52ADD82BC05FDA005EAC26 /* Page8Sect4.swift in Sources */ = {isa = PBXBuildFile; fileRef = DA52ADD72BC05FDA005EAC26 /* Page8Sect4.swift */; };
		DA52ADDA2BC06100005EAC26 /* AddOtherEquipInfo.swift in Sources */ = {isa = PBXBuildFile; fileRef = DA52ADD92BC06100005EAC26 /* AddOtherEquipInfo.swift */; };
		DA52ADDC2BC062E3005EAC26 /* OtherEquipDetailInfo.swift in Sources */ = {isa = PBXBuildFile; fileRef = DA52ADDB2BC062E3005EAC26 /* OtherEquipDetailInfo.swift */; };
		DA52ADDE2BC067C4005EAC26 /* ForkliftChecklistInfo.swift in Sources */ = {isa = PBXBuildFile; fileRef = DA52ADDD2BC067C4005EAC26 /* ForkliftChecklistInfo.swift */; };
		DA52ADE02BC067E4005EAC26 /* PickerChecklistInfo.swift in Sources */ = {isa = PBXBuildFile; fileRef = DA52ADDF2BC067E4005EAC26 /* PickerChecklistInfo.swift */; };
		DA52ADE22BC067FB005EAC26 /* OtherEquipChecklistInfo.swift in Sources */ = {isa = PBXBuildFile; fileRef = DA52ADE12BC067FB005EAC26 /* OtherEquipChecklistInfo.swift */; };
		DA52ADE52BC09C20005EAC26 /* DeliveryVehiclesChecklistInfo.swift in Sources */ = {isa = PBXBuildFile; fileRef = DA52ADE42BC09C20005EAC26 /* DeliveryVehiclesChecklistInfo.swift */; };
		DA52ADE82BC0A145005EAC26 /* Page8Sect5.swift in Sources */ = {isa = PBXBuildFile; fileRef = DA52ADE72BC0A145005EAC26 /* Page8Sect5.swift */; };
		DA52ADEA2BC0A28E005EAC26 /* AddDVInfo.swift in Sources */ = {isa = PBXBuildFile; fileRef = DA52ADE92BC0A28E005EAC26 /* AddDVInfo.swift */; };
		DA52ADEC2BC0A6FF005EAC26 /* DVDetailInfo.swift in Sources */ = {isa = PBXBuildFile; fileRef = DA52ADEB2BC0A6FF005EAC26 /* DVDetailInfo.swift */; };
		DA58F1342B9F72D600C1F5A1 /* WillCallView.swift in Sources */ = {isa = PBXBuildFile; fileRef = DA58F1332B9F72D600C1F5A1 /* WillCallView.swift */; };
		DA58F1382B9FA40000C1F5A1 /* GetBranchWillCallAPI.swift in Sources */ = {isa = PBXBuildFile; fileRef = DA58F1372B9FA40000C1F5A1 /* GetBranchWillCallAPI.swift */; };
		DA58F13A2B9FA52400C1F5A1 /* TicketModel.swift in Sources */ = {isa = PBXBuildFile; fileRef = DA58F1392B9FA52400C1F5A1 /* TicketModel.swift */; };
		DA58F13C2B9FB1A600C1F5A1 /* StoreTickets.swift in Sources */ = {isa = PBXBuildFile; fileRef = DA58F13B2B9FB1A600C1F5A1 /* StoreTickets.swift */; };
		DA58F13E2B9FB59000C1F5A1 /* BranchTickets.swift in Sources */ = {isa = PBXBuildFile; fileRef = DA58F13D2B9FB59000C1F5A1 /* BranchTickets.swift */; };
		DA89EBCC2BB4832500AC2E93 /* Page1Sec1.swift in Sources */ = {isa = PBXBuildFile; fileRef = DA89EBCB2BB4832500AC2E93 /* Page1Sec1.swift */; };
		DA89EBCE2BB4B69900AC2E93 /* BCHeader.swift in Sources */ = {isa = PBXBuildFile; fileRef = DA89EBCD2BB4B69900AC2E93 /* BCHeader.swift */; };
		DA89EBD02BB4B70E00AC2E93 /* Divider2.swift in Sources */ = {isa = PBXBuildFile; fileRef = DA89EBCF2BB4B70E00AC2E93 /* Divider2.swift */; };
		DA89EBD22BB4C8EF00AC2E93 /* BranchChecklistMain.swift in Sources */ = {isa = PBXBuildFile; fileRef = DA89EBD12BB4C8EF00AC2E93 /* BranchChecklistMain.swift */; };
		DA89EBD52BB4C97200AC2E93 /* BCPageOne.swift in Sources */ = {isa = PBXBuildFile; fileRef = DA89EBD42BB4C97200AC2E93 /* BCPageOne.swift */; };
		DA89EBD72BB4C99B00AC2E93 /* Page1Sec2.swift in Sources */ = {isa = PBXBuildFile; fileRef = DA89EBD62BB4C99B00AC2E93 /* Page1Sec2.swift */; };
		DA89EBD92BB5B3C000AC2E93 /* Page1Sec3.swift in Sources */ = {isa = PBXBuildFile; fileRef = DA89EBD82BB5B3C000AC2E93 /* Page1Sec3.swift */; };
		DA89EBDC2BB5BEBE00AC2E93 /* BCPageTwo.swift in Sources */ = {isa = PBXBuildFile; fileRef = DA89EBDB2BB5BEBE00AC2E93 /* BCPageTwo.swift */; };
		DA89EBDE2BB5DEC300AC2E93 /* Page2Sec1.swift in Sources */ = {isa = PBXBuildFile; fileRef = DA89EBDD2BB5DEC300AC2E93 /* Page2Sec1.swift */; };
		DA89EBE02BB5E65400AC2E93 /* Page2Sec2.swift in Sources */ = {isa = PBXBuildFile; fileRef = DA89EBDF2BB5E65400AC2E93 /* Page2Sec2.swift */; };
		DA89EBE22BB6002B00AC2E93 /* Page2Sec3.swift in Sources */ = {isa = PBXBuildFile; fileRef = DA89EBE12BB6002B00AC2E93 /* Page2Sec3.swift */; };
		DA89EBE52BB6197800AC2E93 /* BranchChecklistPage1Model.swift in Sources */ = {isa = PBXBuildFile; fileRef = DA89EBE42BB6197800AC2E93 /* BranchChecklistPage1Model.swift */; };
		DAA147452BA4C32300F84F8A /* GetAllUsersAPI.swift in Sources */ = {isa = PBXBuildFile; fileRef = DAA147442BA4C32300F84F8A /* GetAllUsersAPI.swift */; };
		DAA1474C2BA4D47600F84F8A /* GetAllUsersModel.swift in Sources */ = {isa = PBXBuildFile; fileRef = DAA1474B2BA4D47600F84F8A /* GetAllUsersModel.swift */; };
		DAA1474F2BA4E61600F84F8A /* QuestionPicker.swift in Sources */ = {isa = PBXBuildFile; fileRef = DAA1474E2BA4E61600F84F8A /* QuestionPicker.swift */; };
		DAA147512BA88F6100F84F8A /* ForkLifts.swift in Sources */ = {isa = PBXBuildFile; fileRef = DAA147502BA88F6100F84F8A /* ForkLifts.swift */; };
		DAA147532BA8A3F600F84F8A /* TMProfileView.swift in Sources */ = {isa = PBXBuildFile; fileRef = DAA147522BA8A3F600F84F8A /* TMProfileView.swift */; };
		DAA147552BA8D36500F84F8A /* TMProfileInfo.swift in Sources */ = {isa = PBXBuildFile; fileRef = DAA147542BA8D36500F84F8A /* TMProfileInfo.swift */; };
		DACB08FD2BA8D5B00084EE61 /* TMSaferBucks.swift in Sources */ = {isa = PBXBuildFile; fileRef = DACB08FC2BA8D5B00084EE61 /* TMSaferBucks.swift */; };
		DACB08FF2BA8EEC60084EE61 /* TMYearlyGoals.swift in Sources */ = {isa = PBXBuildFile; fileRef = DACB08FE2BA8EEC60084EE61 /* TMYearlyGoals.swift */; };
		DACB09012BA9F6DC0084EE61 /* RadioButtonFields.swift in Sources */ = {isa = PBXBuildFile; fileRef = DACB09002BA9F6DC0084EE61 /* RadioButtonFields.swift */; };
		DACB09032BA9F70A0084EE61 /* RadioButtonGroups.swift in Sources */ = {isa = PBXBuildFile; fileRef = DACB09022BA9F70A0084EE61 /* RadioButtonGroups.swift */; };
		DACB09052BAA3F260084EE61 /* radioCheck.swift in Sources */ = {isa = PBXBuildFile; fileRef = DACB09042BAA3F260084EE61 /* radioCheck.swift */; };
		DACB090B2BAB87450084EE61 /* AssetModel.swift in Sources */ = {isa = PBXBuildFile; fileRef = DACB090A2BAB87450084EE61 /* AssetModel.swift */; };
		DACB09112BAC86AD0084EE61 /* UserSession.swift in Sources */ = {isa = PBXBuildFile; fileRef = DACB09102BAC86AD0084EE61 /* UserSession.swift */; };
		DACB09132BAC95C90084EE61 /* PickerDisplay.swift in Sources */ = {isa = PBXBuildFile; fileRef = DACB09122BAC95C90084EE61 /* PickerDisplay.swift */; };
		DACB09152BACA0BB0084EE61 /* CheckBox.swift in Sources */ = {isa = PBXBuildFile; fileRef = DACB09142BACA0BB0084EE61 /* CheckBox.swift */; };
		DACB09172BACB0F40084EE61 /* scrap.swift in Sources */ = {isa = PBXBuildFile; fileRef = DACB09162BACB0F40084EE61 /* scrap.swift */; };
		DACB09192BACCCC30084EE61 /* AssetCheckList.swift in Sources */ = {isa = PBXBuildFile; fileRef = DACB09182BACCCC30084EE61 /* AssetCheckList.swift */; };
		DACB091C2BACE3F00084EE61 /* PickerHeader.swift in Sources */ = {isa = PBXBuildFile; fileRef = DACB091B2BACE3F00084EE61 /* PickerHeader.swift */; };
		DACB091E2BACE5FE0084EE61 /* TimeFunction.swift in Sources */ = {isa = PBXBuildFile; fileRef = DACB091D2BACE5FE0084EE61 /* TimeFunction.swift */; };
		DACB09232BB213AE0084EE61 /* AisleMaintenanceView.swift in Sources */ = {isa = PBXBuildFile; fileRef = DACB09222BB213AE0084EE61 /* AisleMaintenanceView.swift */; };
		DACB09252BB214390084EE61 /* AisleMaintenaceHeader.swift in Sources */ = {isa = PBXBuildFile; fileRef = DACB09242BB214390084EE61 /* AisleMaintenaceHeader.swift */; };
		DACB09272BB2182A0084EE61 /* AMQuestions.swift in Sources */ = {isa = PBXBuildFile; fileRef = DACB09262BB2182A0084EE61 /* AMQuestions.swift */; };
		DAD33FFB2B979DAB0060001B /* GenTestApp.swift in Sources */ = {isa = PBXBuildFile; fileRef = DAD33FFA2B979DAB0060001B /* GenTestApp.swift */; };
		DAD33FFF2B979DAC0060001B /* Assets.xcassets in Resources */ = {isa = PBXBuildFile; fileRef = DAD33FFE2B979DAC0060001B /* Assets.xcassets */; };
		DAD340022B979DAC0060001B /* Preview Assets.xcassets in Resources */ = {isa = PBXBuildFile; fileRef = DAD340012B979DAC0060001B /* Preview Assets.xcassets */; };
		DAD3400C2B979DAC0060001B /* GenTestTests.swift in Sources */ = {isa = PBXBuildFile; fileRef = DAD3400B2B979DAC0060001B /* GenTestTests.swift */; };
		DAD340162B979DAC0060001B /* GenTestUITests.swift in Sources */ = {isa = PBXBuildFile; fileRef = DAD340152B979DAC0060001B /* GenTestUITests.swift */; };
		DAD340182B979DAC0060001B /* GenTestUITestsLaunchTests.swift in Sources */ = {isa = PBXBuildFile; fileRef = DAD340172B979DAC0060001B /* GenTestUITestsLaunchTests.swift */; };
		DAD340292B979E820060001B /* Main.swift in Sources */ = {isa = PBXBuildFile; fileRef = DAD340282B979E820060001B /* Main.swift */; };
		DAD3402B2B979F2A0060001B /* LoginScreen.swift in Sources */ = {isa = PBXBuildFile; fileRef = DAD3402A2B979F2A0060001B /* LoginScreen.swift */; };
		DAD3402D2B979F820060001B /* LoginAPI.swift in Sources */ = {isa = PBXBuildFile; fileRef = DAD3402C2B979F820060001B /* LoginAPI.swift */; };
		DAD3402F2B97A3190060001B /* User.swift in Sources */ = {isa = PBXBuildFile; fileRef = DAD3402E2B97A3190060001B /* User.swift */; };
		DAD340312B97A9320060001B /* LoginUserModel.swift in Sources */ = {isa = PBXBuildFile; fileRef = DAD340302B97A9320060001B /* LoginUserModel.swift */; };
		DAD340332B97B0EF0060001B /* StoreUser.swift in Sources */ = {isa = PBXBuildFile; fileRef = DAD340322B97B0EF0060001B /* StoreUser.swift */; };
		DAD340352B97B3320060001B /* OtherScreen.swift in Sources */ = {isa = PBXBuildFile; fileRef = DAD340342B97B3320060001B /* OtherScreen.swift */; };
		DAD340392B97CDEB0060001B /* GetUserAPI.swift in Sources */ = {isa = PBXBuildFile; fileRef = DAD340382B97CDEB0060001B /* GetUserAPI.swift */; };
		DAD3403B2B97CE330060001B /* GetUserModel.swift in Sources */ = {isa = PBXBuildFile; fileRef = DAD3403A2B97CE330060001B /* GetUserModel.swift */; };
		DAD340412B98D0920060001B /* LoginPage.swift in Sources */ = {isa = PBXBuildFile; fileRef = DAD340402B98D0920060001B /* LoginPage.swift */; };
		DAD340432B98D1BC0060001B /* ManagerDashboard.swift in Sources */ = {isa = PBXBuildFile; fileRef = DAD340422B98D1BC0060001B /* ManagerDashboard.swift */; };
		DAD340452B98D1DE0060001B /* TMDashboard.swift in Sources */ = {isa = PBXBuildFile; fileRef = DAD340442B98D1DE0060001B /* TMDashboard.swift */; };
		DAD340472B98E9380060001B /* ErrorView.swift in Sources */ = {isa = PBXBuildFile; fileRef = DAD340462B98E9380060001B /* ErrorView.swift */; };
		DAD3404B2B990C120060001B /* OperationDashboard.swift in Sources */ = {isa = PBXBuildFile; fileRef = DAD3404A2B990C120060001B /* OperationDashboard.swift */; };
		DAD3404D2B990C2A0060001B /* AdminDashboard.swift in Sources */ = {isa = PBXBuildFile; fileRef = DAD3404C2B990C2A0060001B /* AdminDashboard.swift */; };
		DAD3404F2B9915000060001B /* testPage.swift in Sources */ = {isa = PBXBuildFile; fileRef = DAD3404E2B9915000060001B /* testPage.swift */; };
		DAD340552B9921160060001B /* SaferBuckForms.swift in Sources */ = {isa = PBXBuildFile; fileRef = DAD340542B9921160060001B /* SaferBuckForms.swift */; };
		DAD340572B9927230060001B /* AssetPage.swift in Sources */ = {isa = PBXBuildFile; fileRef = DAD340562B9927230060001B /* AssetPage.swift */; };
		DAD340592B992A550060001B /* Pickers.swift in Sources */ = {isa = PBXBuildFile; fileRef = DAD340582B992A550060001B /* Pickers.swift */; };
		DAD3405B2B9A2F070060001B /* Branches.swift in Sources */ = {isa = PBXBuildFile; fileRef = DAD3405A2B9A2F070060001B /* Branches.swift */; };
		DAD3405F2B9A67DD0060001B /* SelectBranch.swift in Sources */ = {isa = PBXBuildFile; fileRef = DAD3405E2B9A67DD0060001B /* SelectBranch.swift */; };
/* End PBXBuildFile section */

/* Begin PBXContainerItemProxy section */
		DAD340082B979DAC0060001B /* PBXContainerItemProxy */ = {
			isa = PBXContainerItemProxy;
			containerPortal = DAD33FEF2B979DAB0060001B /* Project object */;
			proxyType = 1;
			remoteGlobalIDString = DAD33FF62B979DAB0060001B;
			remoteInfo = GenTest;
		};
		DAD340122B979DAC0060001B /* PBXContainerItemProxy */ = {
			isa = PBXContainerItemProxy;
			containerPortal = DAD33FEF2B979DAB0060001B /* Project object */;
			proxyType = 1;
			remoteGlobalIDString = DAD33FF62B979DAB0060001B;
			remoteInfo = GenTest;
		};
/* End PBXContainerItemProxy section */

/* Begin PBXFileReference section */
		DA1A8D2C2BB7067B00F570B0 /* BCPageThree.swift */ = {isa = PBXFileReference; lastKnownFileType = sourcecode.swift; path = BCPageThree.swift; sourceTree = "<group>"; };
		DA1A8D2E2BB706A000F570B0 /* Page3Sec1.swift */ = {isa = PBXFileReference; lastKnownFileType = sourcecode.swift; path = Page3Sec1.swift; sourceTree = "<group>"; };
		DA1A8D302BB720F500F570B0 /* Page3Sec2.swift */ = {isa = PBXFileReference; lastKnownFileType = sourcecode.swift; path = Page3Sec2.swift; sourceTree = "<group>"; };
		DA1A8D322BB7274700F570B0 /* Page3Sec3.swift */ = {isa = PBXFileReference; lastKnownFileType = sourcecode.swift; path = Page3Sec3.swift; sourceTree = "<group>"; };
		DA1A8D342BB74F7600F570B0 /* BranchChecklistPage2Model.swift */ = {isa = PBXFileReference; lastKnownFileType = sourcecode.swift; path = BranchChecklistPage2Model.swift; sourceTree = "<group>"; };
		DA1A8D362BB7517A00F570B0 /* BranchChecklistPage3Model.swift */ = {isa = PBXFileReference; lastKnownFileType = sourcecode.swift; path = BranchChecklistPage3Model.swift; sourceTree = "<group>"; };
		DA1A8D392BB75AD000F570B0 /* BCPageFour.swift */ = {isa = PBXFileReference; lastKnownFileType = sourcecode.swift; path = BCPageFour.swift; sourceTree = "<group>"; };
		DA1A8D3B2BB75B8C00F570B0 /* Page4Sect1.swift */ = {isa = PBXFileReference; lastKnownFileType = sourcecode.swift; path = Page4Sect1.swift; sourceTree = "<group>"; };
		DA1A8D3D2BB75EBB00F570B0 /* Page4Sect2.swift */ = {isa = PBXFileReference; lastKnownFileType = sourcecode.swift; path = Page4Sect2.swift; sourceTree = "<group>"; };
		DA1A8D3F2BB7610D00F570B0 /* Page4Sect3.swift */ = {isa = PBXFileReference; lastKnownFileType = sourcecode.swift; path = Page4Sect3.swift; sourceTree = "<group>"; };
		DA1A8D412BB7626700F570B0 /* Page4Sect4.swift */ = {isa = PBXFileReference; lastKnownFileType = sourcecode.swift; path = Page4Sect4.swift; sourceTree = "<group>"; };
		DA1A8D432BB7647900F570B0 /* BranchChecklistPage4Model.swift */ = {isa = PBXFileReference; lastKnownFileType = sourcecode.swift; path = BranchChecklistPage4Model.swift; sourceTree = "<group>"; };
		DA1A8D482BBC4DE800F570B0 /* BCPageFive.swift */ = {isa = PBXFileReference; lastKnownFileType = sourcecode.swift; path = BCPageFive.swift; sourceTree = "<group>"; };
		DA1A8D4A2BBC4FD000F570B0 /* Page5Sect1.swift */ = {isa = PBXFileReference; lastKnownFileType = sourcecode.swift; path = Page5Sect1.swift; sourceTree = "<group>"; };
		DA1A8D4C2BBC523A00F570B0 /* Page5Sect2.swift */ = {isa = PBXFileReference; lastKnownFileType = sourcecode.swift; path = Page5Sect2.swift; sourceTree = "<group>"; };
		DA1A8D4E2BBC53BC00F570B0 /* Page5Sect3.swift */ = {isa = PBXFileReference; lastKnownFileType = sourcecode.swift; path = Page5Sect3.swift; sourceTree = "<group>"; };
		DA1A8D502BBC554100F570B0 /* BranchChecklistPage5Model.swift */ = {isa = PBXFileReference; lastKnownFileType = sourcecode.swift; path = BranchChecklistPage5Model.swift; sourceTree = "<group>"; };
		DA1A8D532BBC5A2A00F570B0 /* BCPageSix.swift */ = {isa = PBXFileReference; lastKnownFileType = sourcecode.swift; path = BCPageSix.swift; sourceTree = "<group>"; };
		DA1A8D552BBC5AC700F570B0 /* Page6Sect1.swift */ = {isa = PBXFileReference; lastKnownFileType = sourcecode.swift; path = Page6Sect1.swift; sourceTree = "<group>"; };
		DA1A8D572BBC5CD800F570B0 /* Page6Sect2.swift */ = {isa = PBXFileReference; lastKnownFileType = sourcecode.swift; path = Page6Sect2.swift; sourceTree = "<group>"; };
		DA1A8D592BBC5DD200F570B0 /* Page6Sect3.swift */ = {isa = PBXFileReference; lastKnownFileType = sourcecode.swift; path = Page6Sect3.swift; sourceTree = "<group>"; };
		DA1A8D5B2BBC5E9D00F570B0 /* BranchChecklistPage6Model.swift */ = {isa = PBXFileReference; lastKnownFileType = sourcecode.swift; path = BranchChecklistPage6Model.swift; sourceTree = "<group>"; };
		DA1A8D5E2BBDB04F00F570B0 /* BCPageSeven.swift */ = {isa = PBXFileReference; lastKnownFileType = sourcecode.swift; path = BCPageSeven.swift; sourceTree = "<group>"; };
		DA1A8D602BBDB0D900F570B0 /* Page7Sect1.swift */ = {isa = PBXFileReference; lastKnownFileType = sourcecode.swift; path = Page7Sect1.swift; sourceTree = "<group>"; };
		DA1A8D622BBDBBF900F570B0 /* Page7Sect2.swift */ = {isa = PBXFileReference; lastKnownFileType = sourcecode.swift; path = Page7Sect2.swift; sourceTree = "<group>"; };
		DA1A8D642BBDBF7F00F570B0 /* Page7Sect3.swift */ = {isa = PBXFileReference; lastKnownFileType = sourcecode.swift; path = Page7Sect3.swift; sourceTree = "<group>"; };
		DA1A8D662BBDC09C00F570B0 /* Page7Sect4.swift */ = {isa = PBXFileReference; lastKnownFileType = sourcecode.swift; path = Page7Sect4.swift; sourceTree = "<group>"; };
		DA1A8D682BBDC42F00F570B0 /* BranchChecklistPage7Model.swift */ = {isa = PBXFileReference; lastKnownFileType = sourcecode.swift; path = BranchChecklistPage7Model.swift; sourceTree = "<group>"; };
		DA1A8D6B2BBDE51600F570B0 /* BCPageEight.swift */ = {isa = PBXFileReference; lastKnownFileType = sourcecode.swift; path = BCPageEight.swift; sourceTree = "<group>"; };
		DA1A8D6D2BBDE53100F570B0 /* Page8Sect1.swift */ = {isa = PBXFileReference; lastKnownFileType = sourcecode.swift; path = Page8Sect1.swift; sourceTree = "<group>"; };
		DA1A8D6F2BBDE8AE00F570B0 /* BranchChecklistPage8Model.swift */ = {isa = PBXFileReference; lastKnownFileType = sourcecode.swift; path = BranchChecklistPage8Model.swift; sourceTree = "<group>"; };
		DA1A8D712BBDEB6400F570B0 /* Page8Sect2.swift */ = {isa = PBXFileReference; lastKnownFileType = sourcecode.swift; path = Page8Sect2.swift; sourceTree = "<group>"; };
		DA28D53B2BA213E0003A4797 /* ObservationForm.swift */ = {isa = PBXFileReference; lastKnownFileType = sourcecode.swift; path = ObservationForm.swift; sourceTree = "<group>"; };
		DA52ADC42BBF1E55005EAC26 /* ForkliftChecklistInfoViewModel.swift */ = {isa = PBXFileReference; lastKnownFileType = sourcecode.swift; path = ForkliftChecklistInfoViewModel.swift; sourceTree = "<group>"; };
		DA52ADC72BBF2A5C005EAC26 /* AddForkliftInfo.swift */ = {isa = PBXFileReference; lastKnownFileType = sourcecode.swift; path = AddForkliftInfo.swift; sourceTree = "<group>"; };
		DA52ADC92BBF2ACA005EAC26 /* ForkliftDetailInfo.swift */ = {isa = PBXFileReference; lastKnownFileType = sourcecode.swift; path = ForkliftDetailInfo.swift; sourceTree = "<group>"; };
		DA52ADCC2BC04D75005EAC26 /* Page8Sect3.swift */ = {isa = PBXFileReference; lastKnownFileType = sourcecode.swift; path = Page8Sect3.swift; sourceTree = "<group>"; };
		DA52ADCE2BC05786005EAC26 /* AddPickerInfo.swift */ = {isa = PBXFileReference; lastKnownFileType = sourcecode.swift; path = AddPickerInfo.swift; sourceTree = "<group>"; };
		DA52ADD02BC058CD005EAC26 /* PickerDetailInfo.swift */ = {isa = PBXFileReference; lastKnownFileType = sourcecode.swift; path = PickerDetailInfo.swift; sourceTree = "<group>"; };
		DA52ADD72BC05FDA005EAC26 /* Page8Sect4.swift */ = {isa = PBXFileReference; lastKnownFileType = sourcecode.swift; path = Page8Sect4.swift; sourceTree = "<group>"; };
		DA52ADD92BC06100005EAC26 /* AddOtherEquipInfo.swift */ = {isa = PBXFileReference; lastKnownFileType = sourcecode.swift; path = AddOtherEquipInfo.swift; sourceTree = "<group>"; };
		DA52ADDB2BC062E3005EAC26 /* OtherEquipDetailInfo.swift */ = {isa = PBXFileReference; lastKnownFileType = sourcecode.swift; path = OtherEquipDetailInfo.swift; sourceTree = "<group>"; };
		DA52ADDD2BC067C4005EAC26 /* ForkliftChecklistInfo.swift */ = {isa = PBXFileReference; lastKnownFileType = sourcecode.swift; path = ForkliftChecklistInfo.swift; sourceTree = "<group>"; };
		DA52ADDF2BC067E4005EAC26 /* PickerChecklistInfo.swift */ = {isa = PBXFileReference; lastKnownFileType = sourcecode.swift; path = PickerChecklistInfo.swift; sourceTree = "<group>"; };
		DA52ADE12BC067FB005EAC26 /* OtherEquipChecklistInfo.swift */ = {isa = PBXFileReference; lastKnownFileType = sourcecode.swift; path = OtherEquipChecklistInfo.swift; sourceTree = "<group>"; };
		DA52ADE42BC09C20005EAC26 /* DeliveryVehiclesChecklistInfo.swift */ = {isa = PBXFileReference; lastKnownFileType = sourcecode.swift; path = DeliveryVehiclesChecklistInfo.swift; sourceTree = "<group>"; };
		DA52ADE72BC0A145005EAC26 /* Page8Sect5.swift */ = {isa = PBXFileReference; lastKnownFileType = sourcecode.swift; path = Page8Sect5.swift; sourceTree = "<group>"; };
		DA52ADE92BC0A28E005EAC26 /* AddDVInfo.swift */ = {isa = PBXFileReference; lastKnownFileType = sourcecode.swift; path = AddDVInfo.swift; sourceTree = "<group>"; };
		DA52ADEB2BC0A6FF005EAC26 /* DVDetailInfo.swift */ = {isa = PBXFileReference; lastKnownFileType = sourcecode.swift; path = DVDetailInfo.swift; sourceTree = "<group>"; };
		DA58F1332B9F72D600C1F5A1 /* WillCallView.swift */ = {isa = PBXFileReference; lastKnownFileType = sourcecode.swift; path = WillCallView.swift; sourceTree = "<group>"; };
		DA58F1372B9FA40000C1F5A1 /* GetBranchWillCallAPI.swift */ = {isa = PBXFileReference; lastKnownFileType = sourcecode.swift; path = GetBranchWillCallAPI.swift; sourceTree = "<group>"; };
		DA58F1392B9FA52400C1F5A1 /* TicketModel.swift */ = {isa = PBXFileReference; lastKnownFileType = sourcecode.swift; path = TicketModel.swift; sourceTree = "<group>"; };
		DA58F13B2B9FB1A600C1F5A1 /* StoreTickets.swift */ = {isa = PBXFileReference; lastKnownFileType = sourcecode.swift; path = StoreTickets.swift; sourceTree = "<group>"; };
		DA58F13D2B9FB59000C1F5A1 /* BranchTickets.swift */ = {isa = PBXFileReference; lastKnownFileType = sourcecode.swift; path = BranchTickets.swift; sourceTree = "<group>"; };
		DA89EBCB2BB4832500AC2E93 /* Page1Sec1.swift */ = {isa = PBXFileReference; lastKnownFileType = sourcecode.swift; path = Page1Sec1.swift; sourceTree = "<group>"; };
		DA89EBCD2BB4B69900AC2E93 /* BCHeader.swift */ = {isa = PBXFileReference; lastKnownFileType = sourcecode.swift; path = BCHeader.swift; sourceTree = "<group>"; };
		DA89EBCF2BB4B70E00AC2E93 /* Divider2.swift */ = {isa = PBXFileReference; lastKnownFileType = sourcecode.swift; path = Divider2.swift; sourceTree = "<group>"; };
		DA89EBD12BB4C8EF00AC2E93 /* BranchChecklistMain.swift */ = {isa = PBXFileReference; lastKnownFileType = sourcecode.swift; path = BranchChecklistMain.swift; sourceTree = "<group>"; };
		DA89EBD42BB4C97200AC2E93 /* BCPageOne.swift */ = {isa = PBXFileReference; lastKnownFileType = sourcecode.swift; path = BCPageOne.swift; sourceTree = "<group>"; };
		DA89EBD62BB4C99B00AC2E93 /* Page1Sec2.swift */ = {isa = PBXFileReference; lastKnownFileType = sourcecode.swift; path = Page1Sec2.swift; sourceTree = "<group>"; };
		DA89EBD82BB5B3C000AC2E93 /* Page1Sec3.swift */ = {isa = PBXFileReference; lastKnownFileType = sourcecode.swift; path = Page1Sec3.swift; sourceTree = "<group>"; };
		DA89EBDB2BB5BEBE00AC2E93 /* BCPageTwo.swift */ = {isa = PBXFileReference; lastKnownFileType = sourcecode.swift; path = BCPageTwo.swift; sourceTree = "<group>"; };
		DA89EBDD2BB5DEC300AC2E93 /* Page2Sec1.swift */ = {isa = PBXFileReference; lastKnownFileType = sourcecode.swift; path = Page2Sec1.swift; sourceTree = "<group>"; };
		DA89EBDF2BB5E65400AC2E93 /* Page2Sec2.swift */ = {isa = PBXFileReference; lastKnownFileType = sourcecode.swift; path = Page2Sec2.swift; sourceTree = "<group>"; };
		DA89EBE12BB6002B00AC2E93 /* Page2Sec3.swift */ = {isa = PBXFileReference; lastKnownFileType = sourcecode.swift; path = Page2Sec3.swift; sourceTree = "<group>"; };
		DA89EBE42BB6197800AC2E93 /* BranchChecklistPage1Model.swift */ = {isa = PBXFileReference; lastKnownFileType = sourcecode.swift; path = BranchChecklistPage1Model.swift; sourceTree = "<group>"; };
		DAA147442BA4C32300F84F8A /* GetAllUsersAPI.swift */ = {isa = PBXFileReference; lastKnownFileType = sourcecode.swift; path = GetAllUsersAPI.swift; sourceTree = "<group>"; };
		DAA1474B2BA4D47600F84F8A /* GetAllUsersModel.swift */ = {isa = PBXFileReference; lastKnownFileType = sourcecode.swift; path = GetAllUsersModel.swift; sourceTree = "<group>"; };
		DAA1474E2BA4E61600F84F8A /* QuestionPicker.swift */ = {isa = PBXFileReference; lastKnownFileType = sourcecode.swift; path = QuestionPicker.swift; sourceTree = "<group>"; };
		DAA147502BA88F6100F84F8A /* ForkLifts.swift */ = {isa = PBXFileReference; lastKnownFileType = sourcecode.swift; path = ForkLifts.swift; sourceTree = "<group>"; };
		DAA147522BA8A3F600F84F8A /* TMProfileView.swift */ = {isa = PBXFileReference; lastKnownFileType = sourcecode.swift; path = TMProfileView.swift; sourceTree = "<group>"; };
		DAA147542BA8D36500F84F8A /* TMProfileInfo.swift */ = {isa = PBXFileReference; lastKnownFileType = sourcecode.swift; path = TMProfileInfo.swift; sourceTree = "<group>"; };
		DACB08FC2BA8D5B00084EE61 /* TMSaferBucks.swift */ = {isa = PBXFileReference; lastKnownFileType = sourcecode.swift; path = TMSaferBucks.swift; sourceTree = "<group>"; };
		DACB08FE2BA8EEC60084EE61 /* TMYearlyGoals.swift */ = {isa = PBXFileReference; lastKnownFileType = sourcecode.swift; path = TMYearlyGoals.swift; sourceTree = "<group>"; };
		DACB09002BA9F6DC0084EE61 /* RadioButtonFields.swift */ = {isa = PBXFileReference; lastKnownFileType = sourcecode.swift; path = RadioButtonFields.swift; sourceTree = "<group>"; };
		DACB09022BA9F70A0084EE61 /* RadioButtonGroups.swift */ = {isa = PBXFileReference; lastKnownFileType = sourcecode.swift; path = RadioButtonGroups.swift; sourceTree = "<group>"; };
		DACB09042BAA3F260084EE61 /* radioCheck.swift */ = {isa = PBXFileReference; lastKnownFileType = sourcecode.swift; path = radioCheck.swift; sourceTree = "<group>"; };
		DACB090A2BAB87450084EE61 /* AssetModel.swift */ = {isa = PBXFileReference; lastKnownFileType = sourcecode.swift; path = AssetModel.swift; sourceTree = "<group>"; };
		DACB09102BAC86AD0084EE61 /* UserSession.swift */ = {isa = PBXFileReference; lastKnownFileType = sourcecode.swift; path = UserSession.swift; sourceTree = "<group>"; };
		DACB09122BAC95C90084EE61 /* PickerDisplay.swift */ = {isa = PBXFileReference; lastKnownFileType = sourcecode.swift; path = PickerDisplay.swift; sourceTree = "<group>"; };
		DACB09142BACA0BB0084EE61 /* CheckBox.swift */ = {isa = PBXFileReference; lastKnownFileType = sourcecode.swift; path = CheckBox.swift; sourceTree = "<group>"; };
		DACB09162BACB0F40084EE61 /* scrap.swift */ = {isa = PBXFileReference; lastKnownFileType = sourcecode.swift; path = scrap.swift; sourceTree = "<group>"; };
		DACB09182BACCCC30084EE61 /* AssetCheckList.swift */ = {isa = PBXFileReference; lastKnownFileType = sourcecode.swift; path = AssetCheckList.swift; sourceTree = "<group>"; };
		DACB091B2BACE3F00084EE61 /* PickerHeader.swift */ = {isa = PBXFileReference; lastKnownFileType = sourcecode.swift; path = PickerHeader.swift; sourceTree = "<group>"; };
		DACB091D2BACE5FE0084EE61 /* TimeFunction.swift */ = {isa = PBXFileReference; lastKnownFileType = sourcecode.swift; path = TimeFunction.swift; sourceTree = "<group>"; };
		DACB09222BB213AE0084EE61 /* AisleMaintenanceView.swift */ = {isa = PBXFileReference; lastKnownFileType = sourcecode.swift; path = AisleMaintenanceView.swift; sourceTree = "<group>"; };
		DACB09242BB214390084EE61 /* AisleMaintenaceHeader.swift */ = {isa = PBXFileReference; lastKnownFileType = sourcecode.swift; path = AisleMaintenaceHeader.swift; sourceTree = "<group>"; };
		DACB09262BB2182A0084EE61 /* AMQuestions.swift */ = {isa = PBXFileReference; lastKnownFileType = sourcecode.swift; path = AMQuestions.swift; sourceTree = "<group>"; };
		DAD33FF72B979DAB0060001B /* GenTest.app */ = {isa = PBXFileReference; explicitFileType = wrapper.application; includeInIndex = 0; path = GenTest.app; sourceTree = BUILT_PRODUCTS_DIR; };
		DAD33FFA2B979DAB0060001B /* GenTestApp.swift */ = {isa = PBXFileReference; lastKnownFileType = sourcecode.swift; path = GenTestApp.swift; sourceTree = "<group>"; };
		DAD33FFE2B979DAC0060001B /* Assets.xcassets */ = {isa = PBXFileReference; lastKnownFileType = folder.assetcatalog; path = Assets.xcassets; sourceTree = "<group>"; };
		DAD340012B979DAC0060001B /* Preview Assets.xcassets */ = {isa = PBXFileReference; lastKnownFileType = folder.assetcatalog; path = "Preview Assets.xcassets"; sourceTree = "<group>"; };
		DAD340072B979DAC0060001B /* GenTestTests.xctest */ = {isa = PBXFileReference; explicitFileType = wrapper.cfbundle; includeInIndex = 0; path = GenTestTests.xctest; sourceTree = BUILT_PRODUCTS_DIR; };
		DAD3400B2B979DAC0060001B /* GenTestTests.swift */ = {isa = PBXFileReference; lastKnownFileType = sourcecode.swift; path = GenTestTests.swift; sourceTree = "<group>"; };
		DAD340112B979DAC0060001B /* GenTestUITests.xctest */ = {isa = PBXFileReference; explicitFileType = wrapper.cfbundle; includeInIndex = 0; path = GenTestUITests.xctest; sourceTree = BUILT_PRODUCTS_DIR; };
		DAD340152B979DAC0060001B /* GenTestUITests.swift */ = {isa = PBXFileReference; lastKnownFileType = sourcecode.swift; path = GenTestUITests.swift; sourceTree = "<group>"; };
		DAD340172B979DAC0060001B /* GenTestUITestsLaunchTests.swift */ = {isa = PBXFileReference; lastKnownFileType = sourcecode.swift; path = GenTestUITestsLaunchTests.swift; sourceTree = "<group>"; };
		DAD340282B979E820060001B /* Main.swift */ = {isa = PBXFileReference; lastKnownFileType = sourcecode.swift; path = Main.swift; sourceTree = "<group>"; };
		DAD3402A2B979F2A0060001B /* LoginScreen.swift */ = {isa = PBXFileReference; lastKnownFileType = sourcecode.swift; path = LoginScreen.swift; sourceTree = "<group>"; };
		DAD3402C2B979F820060001B /* LoginAPI.swift */ = {isa = PBXFileReference; lastKnownFileType = sourcecode.swift; path = LoginAPI.swift; sourceTree = "<group>"; };
		DAD3402E2B97A3190060001B /* User.swift */ = {isa = PBXFileReference; lastKnownFileType = sourcecode.swift; path = User.swift; sourceTree = "<group>"; };
		DAD340302B97A9320060001B /* LoginUserModel.swift */ = {isa = PBXFileReference; lastKnownFileType = sourcecode.swift; path = LoginUserModel.swift; sourceTree = "<group>"; };
		DAD340322B97B0EF0060001B /* StoreUser.swift */ = {isa = PBXFileReference; lastKnownFileType = sourcecode.swift; path = StoreUser.swift; sourceTree = "<group>"; };
		DAD340342B97B3320060001B /* OtherScreen.swift */ = {isa = PBXFileReference; lastKnownFileType = sourcecode.swift; path = OtherScreen.swift; sourceTree = "<group>"; };
		DAD340382B97CDEB0060001B /* GetUserAPI.swift */ = {isa = PBXFileReference; lastKnownFileType = sourcecode.swift; path = GetUserAPI.swift; sourceTree = "<group>"; };
		DAD3403A2B97CE330060001B /* GetUserModel.swift */ = {isa = PBXFileReference; lastKnownFileType = sourcecode.swift; path = GetUserModel.swift; sourceTree = "<group>"; };
		DAD340402B98D0920060001B /* LoginPage.swift */ = {isa = PBXFileReference; lastKnownFileType = sourcecode.swift; path = LoginPage.swift; sourceTree = "<group>"; };
		DAD340422B98D1BC0060001B /* ManagerDashboard.swift */ = {isa = PBXFileReference; lastKnownFileType = sourcecode.swift; path = ManagerDashboard.swift; sourceTree = "<group>"; };
		DAD340442B98D1DE0060001B /* TMDashboard.swift */ = {isa = PBXFileReference; lastKnownFileType = sourcecode.swift; path = TMDashboard.swift; sourceTree = "<group>"; };
		DAD340462B98E9380060001B /* ErrorView.swift */ = {isa = PBXFileReference; lastKnownFileType = sourcecode.swift; path = ErrorView.swift; sourceTree = "<group>"; };
		DAD3404A2B990C120060001B /* OperationDashboard.swift */ = {isa = PBXFileReference; lastKnownFileType = sourcecode.swift; path = OperationDashboard.swift; sourceTree = "<group>"; };
		DAD3404C2B990C2A0060001B /* AdminDashboard.swift */ = {isa = PBXFileReference; lastKnownFileType = sourcecode.swift; path = AdminDashboard.swift; sourceTree = "<group>"; };
		DAD3404E2B9915000060001B /* testPage.swift */ = {isa = PBXFileReference; lastKnownFileType = sourcecode.swift; path = testPage.swift; sourceTree = "<group>"; };
		DAD340542B9921160060001B /* SaferBuckForms.swift */ = {isa = PBXFileReference; lastKnownFileType = sourcecode.swift; path = SaferBuckForms.swift; sourceTree = "<group>"; };
		DAD340562B9927230060001B /* AssetPage.swift */ = {isa = PBXFileReference; lastKnownFileType = sourcecode.swift; path = AssetPage.swift; sourceTree = "<group>"; };
		DAD340582B992A550060001B /* Pickers.swift */ = {isa = PBXFileReference; lastKnownFileType = sourcecode.swift; path = Pickers.swift; sourceTree = "<group>"; };
		DAD3405A2B9A2F070060001B /* Branches.swift */ = {isa = PBXFileReference; lastKnownFileType = sourcecode.swift; path = Branches.swift; sourceTree = "<group>"; };
		DAD3405E2B9A67DD0060001B /* SelectBranch.swift */ = {isa = PBXFileReference; lastKnownFileType = sourcecode.swift; path = SelectBranch.swift; sourceTree = "<group>"; };
/* End PBXFileReference section */

/* Begin PBXFrameworksBuildPhase section */
		DAD33FF42B979DAB0060001B /* Frameworks */ = {
			isa = PBXFrameworksBuildPhase;
			buildActionMask = 2147483647;
			files = (
			);
			runOnlyForDeploymentPostprocessing = 0;
		};
		DAD340042B979DAC0060001B /* Frameworks */ = {
			isa = PBXFrameworksBuildPhase;
			buildActionMask = 2147483647;
			files = (
			);
			runOnlyForDeploymentPostprocessing = 0;
		};
		DAD3400E2B979DAC0060001B /* Frameworks */ = {
			isa = PBXFrameworksBuildPhase;
			buildActionMask = 2147483647;
			files = (
			);
			runOnlyForDeploymentPostprocessing = 0;
		};
/* End PBXFrameworksBuildPhase section */

/* Begin PBXGroup section */
		DA1A8D2B2BB7065400F570B0 /* BCPageThree */ = {
			isa = PBXGroup;
			children = (
				DA1A8D2C2BB7067B00F570B0 /* BCPageThree.swift */,
				DA1A8D2E2BB706A000F570B0 /* Page3Sec1.swift */,
				DA1A8D302BB720F500F570B0 /* Page3Sec2.swift */,
				DA1A8D322BB7274700F570B0 /* Page3Sec3.swift */,
			);
			path = BCPageThree;
			sourceTree = "<group>";
		};
		DA1A8D382BB75A4F00F570B0 /* BCPageFour */ = {
			isa = PBXGroup;
			children = (
				DA1A8D392BB75AD000F570B0 /* BCPageFour.swift */,
				DA1A8D3B2BB75B8C00F570B0 /* Page4Sect1.swift */,
				DA1A8D3D2BB75EBB00F570B0 /* Page4Sect2.swift */,
				DA1A8D3F2BB7610D00F570B0 /* Page4Sect3.swift */,
				DA1A8D412BB7626700F570B0 /* Page4Sect4.swift */,
			);
			path = BCPageFour;
			sourceTree = "<group>";
		};
		DA1A8D452BB7663F00F570B0 /* User Models */ = {
			isa = PBXGroup;
			children = (
				DAD340322B97B0EF0060001B /* StoreUser.swift */,
				DAA1474B2BA4D47600F84F8A /* GetAllUsersModel.swift */,
				DAD3403A2B97CE330060001B /* GetUserModel.swift */,
				DAD340302B97A9320060001B /* LoginUserModel.swift */,
			);
			path = "User Models";
			sourceTree = "<group>";
		};
		DA1A8D462BB7666400F570B0 /* Will Call Ticket Models */ = {
			isa = PBXGroup;
			children = (
				DA58F13B2B9FB1A600C1F5A1 /* StoreTickets.swift */,
				DA58F1392B9FA52400C1F5A1 /* TicketModel.swift */,
			);
			path = "Will Call Ticket Models";
			sourceTree = "<group>";
		};
		DA1A8D472BBC4D7B00F570B0 /* BCPageFive */ = {
			isa = PBXGroup;
			children = (
				DA1A8D482BBC4DE800F570B0 /* BCPageFive.swift */,
				DA1A8D4A2BBC4FD000F570B0 /* Page5Sect1.swift */,
				DA1A8D4C2BBC523A00F570B0 /* Page5Sect2.swift */,
				DA1A8D4E2BBC53BC00F570B0 /* Page5Sect3.swift */,
			);
			path = BCPageFive;
			sourceTree = "<group>";
		};
		DA1A8D522BBC5A0B00F570B0 /* BCPageSix */ = {
			isa = PBXGroup;
			children = (
				DA1A8D532BBC5A2A00F570B0 /* BCPageSix.swift */,
				DA1A8D552BBC5AC700F570B0 /* Page6Sect1.swift */,
				DA1A8D572BBC5CD800F570B0 /* Page6Sect2.swift */,
				DA1A8D592BBC5DD200F570B0 /* Page6Sect3.swift */,
			);
			path = BCPageSix;
			sourceTree = "<group>";
		};
		DA1A8D5D2BBDB03A00F570B0 /* BCPageSeven */ = {
			isa = PBXGroup;
			children = (
				DA1A8D5E2BBDB04F00F570B0 /* BCPageSeven.swift */,
				DA1A8D602BBDB0D900F570B0 /* Page7Sect1.swift */,
				DA1A8D622BBDBBF900F570B0 /* Page7Sect2.swift */,
				DA1A8D642BBDBF7F00F570B0 /* Page7Sect3.swift */,
				DA1A8D662BBDC09C00F570B0 /* Page7Sect4.swift */,
			);
			path = BCPageSeven;
			sourceTree = "<group>";
		};
		DA1A8D6A2BBDE50200F570B0 /* BCPageEight */ = {
			isa = PBXGroup;
			children = (
				DA1A8D6B2BBDE51600F570B0 /* BCPageEight.swift */,
				DA1A8D6D2BBDE53100F570B0 /* Page8Sect1.swift */,
				DA52ADC62BBF2A1A005EAC26 /* Page8Sect2 */,
				DA52ADCB2BC04D43005EAC26 /* Page8Sect3 */,
				DA52ADD62BC05F7D005EAC26 /* Page8Sect4 */,
				DA52ADE62BC0A131005EAC26 /* Page8Sect5 */,
			);
			path = BCPageEight;
			sourceTree = "<group>";
		};
		DA52ADC62BBF2A1A005EAC26 /* Page8Sect2 */ = {
			isa = PBXGroup;
			children = (
				DA1A8D712BBDEB6400F570B0 /* Page8Sect2.swift */,
				DA52ADC72BBF2A5C005EAC26 /* AddForkliftInfo.swift */,
				DA52ADC92BBF2ACA005EAC26 /* ForkliftDetailInfo.swift */,
			);
			path = Page8Sect2;
			sourceTree = "<group>";
		};
		DA52ADCB2BC04D43005EAC26 /* Page8Sect3 */ = {
			isa = PBXGroup;
			children = (
				DA52ADCC2BC04D75005EAC26 /* Page8Sect3.swift */,
				DA52ADCE2BC05786005EAC26 /* AddPickerInfo.swift */,
				DA52ADD02BC058CD005EAC26 /* PickerDetailInfo.swift */,
			);
			path = Page8Sect3;
			sourceTree = "<group>";
		};
		DA52ADD62BC05F7D005EAC26 /* Page8Sect4 */ = {
			isa = PBXGroup;
			children = (
				DA52ADD72BC05FDA005EAC26 /* Page8Sect4.swift */,
				DA52ADD92BC06100005EAC26 /* AddOtherEquipInfo.swift */,
				DA52ADDB2BC062E3005EAC26 /* OtherEquipDetailInfo.swift */,
			);
			path = Page8Sect4;
			sourceTree = "<group>";
		};
		DA52ADE32BC06861005EAC26 /* Asset Checklist Info Model */ = {
			isa = PBXGroup;
			children = (
				DA52ADDF2BC067E4005EAC26 /* PickerChecklistInfo.swift */,
				DA52ADDD2BC067C4005EAC26 /* ForkliftChecklistInfo.swift */,
				DA52ADE12BC067FB005EAC26 /* OtherEquipChecklistInfo.swift */,
				DA52ADE42BC09C20005EAC26 /* DeliveryVehiclesChecklistInfo.swift */,
			);
			path = "Asset Checklist Info Model";
			sourceTree = "<group>";
		};
		DA52ADE62BC0A131005EAC26 /* Page8Sect5 */ = {
			isa = PBXGroup;
			children = (
				DA52ADE72BC0A145005EAC26 /* Page8Sect5.swift */,
				DA52ADE92BC0A28E005EAC26 /* AddDVInfo.swift */,
				DA52ADEB2BC0A6FF005EAC26 /* DVDetailInfo.swift */,
			);
			path = Page8Sect5;
			sourceTree = "<group>";
		};
		DA58F1352B9F730C00C1F5A1 /* UserAPI */ = {
			isa = PBXGroup;
			children = (
				DAA147442BA4C32300F84F8A /* GetAllUsersAPI.swift */,
				DAD340382B97CDEB0060001B /* GetUserAPI.swift */,
				DAD3402C2B979F820060001B /* LoginAPI.swift */,
			);
			path = UserAPI;
			sourceTree = "<group>";
		};
		DA58F1362B9F73A000C1F5A1 /* WillCallAPI */ = {
			isa = PBXGroup;
			children = (
				DA58F1372B9FA40000C1F5A1 /* GetBranchWillCallAPI.swift */,
			);
			path = WillCallAPI;
			sourceTree = "<group>";
		};
		DA89EBCA2BB482EF00AC2E93 /* Branch Checklist */ = {
			isa = PBXGroup;
			children = (
				DA89EBD12BB4C8EF00AC2E93 /* BranchChecklistMain.swift */,
				DA89EBD32BB4C93C00AC2E93 /* BCPageOne */,
				DA89EBDA2BB5BEAA00AC2E93 /* BCPageTwo */,
				DA1A8D2B2BB7065400F570B0 /* BCPageThree */,
				DA1A8D382BB75A4F00F570B0 /* BCPageFour */,
				DA1A8D472BBC4D7B00F570B0 /* BCPageFive */,
				DA1A8D522BBC5A0B00F570B0 /* BCPageSix */,
				DA1A8D5D2BBDB03A00F570B0 /* BCPageSeven */,
				DA1A8D6A2BBDE50200F570B0 /* BCPageEight */,
			);
			path = "Branch Checklist";
			sourceTree = "<group>";
		};
		DA89EBD32BB4C93C00AC2E93 /* BCPageOne */ = {
			isa = PBXGroup;
			children = (
				DA89EBCD2BB4B69900AC2E93 /* BCHeader.swift */,
				DA89EBD42BB4C97200AC2E93 /* BCPageOne.swift */,
				DA89EBCB2BB4832500AC2E93 /* Page1Sec1.swift */,
				DA89EBD62BB4C99B00AC2E93 /* Page1Sec2.swift */,
				DA89EBD82BB5B3C000AC2E93 /* Page1Sec3.swift */,
			);
			path = BCPageOne;
			sourceTree = "<group>";
		};
		DA89EBDA2BB5BEAA00AC2E93 /* BCPageTwo */ = {
			isa = PBXGroup;
			children = (
				DA89EBDB2BB5BEBE00AC2E93 /* BCPageTwo.swift */,
				DA89EBDD2BB5DEC300AC2E93 /* Page2Sec1.swift */,
				DA89EBDF2BB5E65400AC2E93 /* Page2Sec2.swift */,
				DA89EBE12BB6002B00AC2E93 /* Page2Sec3.swift */,
			);
			path = BCPageTwo;
			sourceTree = "<group>";
		};
		DA89EBE32BB6194400AC2E93 /* Branch Checklist Model */ = {
			isa = PBXGroup;
			children = (
				DA89EBE42BB6197800AC2E93 /* BranchChecklistPage1Model.swift */,
				DA1A8D342BB74F7600F570B0 /* BranchChecklistPage2Model.swift */,
				DA1A8D362BB7517A00F570B0 /* BranchChecklistPage3Model.swift */,
				DA1A8D432BB7647900F570B0 /* BranchChecklistPage4Model.swift */,
				DA1A8D502BBC554100F570B0 /* BranchChecklistPage5Model.swift */,
				DA1A8D5B2BBC5E9D00F570B0 /* BranchChecklistPage6Model.swift */,
				DA1A8D682BBDC42F00F570B0 /* BranchChecklistPage7Model.swift */,
				DA1A8D6F2BBDE8AE00F570B0 /* BranchChecklistPage8Model.swift */,
				DA52ADE32BC06861005EAC26 /* Asset Checklist Info Model */,
			);
			path = "Branch Checklist Model";
			sourceTree = "<group>";
		};
		DAA1474D2BA4E5DC00F84F8A /* Utils */ = {
			isa = PBXGroup;
			children = (
				DAA1474E2BA4E61600F84F8A /* QuestionPicker.swift */,
				DACB091D2BACE5FE0084EE61 /* TimeFunction.swift */,
				DACB09212BB213620084EE61 /* Radio Buttons */,
				DACB09142BACA0BB0084EE61 /* CheckBox.swift */,
				DACB09182BACCCC30084EE61 /* AssetCheckList.swift */,
				DA89EBCF2BB4B70E00AC2E93 /* Divider2.swift */,
				DACB09262BB2182A0084EE61 /* AMQuestions.swift */,
				DACB09022BA9F70A0084EE61 /* RadioButtonGroups.swift */,
				DACB09102BAC86AD0084EE61 /* UserSession.swift */,
			);
			path = Utils;
			sourceTree = "<group>";
		};
		DACB08FB2BA8D5810084EE61 /* TeamMember Profile */ = {
			isa = PBXGroup;
			children = (
				DAA147522BA8A3F600F84F8A /* TMProfileView.swift */,
				DAA147542BA8D36500F84F8A /* TMProfileInfo.swift */,
				DACB08FE2BA8EEC60084EE61 /* TMYearlyGoals.swift */,
				DACB08FC2BA8D5B00084EE61 /* TMSaferBucks.swift */,
			);
			path = "TeamMember Profile";
			sourceTree = "<group>";
		};
		DACB091A2BACE3C70084EE61 /* Pickers */ = {
			isa = PBXGroup;
			children = (
				DAD340582B992A550060001B /* Pickers.swift */,
				DACB091B2BACE3F00084EE61 /* PickerHeader.swift */,
				DACB09122BAC95C90084EE61 /* PickerDisplay.swift */,
			);
			path = Pickers;
			sourceTree = "<group>";
		};
		DACB09212BB213620084EE61 /* Radio Buttons */ = {
			isa = PBXGroup;
			children = (
				DACB09042BAA3F260084EE61 /* radioCheck.swift */,
				DACB09002BA9F6DC0084EE61 /* RadioButtonFields.swift */,
			);
			path = "Radio Buttons";
			sourceTree = "<group>";
		};
		DAD33FEE2B979DAB0060001B = {
			isa = PBXGroup;
			children = (
				DAD33FF92B979DAB0060001B /* GenTest */,
				DAD3400A2B979DAC0060001B /* GenTestTests */,
				DAD340142B979DAC0060001B /* GenTestUITests */,
				DAD33FF82B979DAB0060001B /* Products */,
			);
			sourceTree = "<group>";
		};
		DAD33FF82B979DAB0060001B /* Products */ = {
			isa = PBXGroup;
			children = (
				DAD33FF72B979DAB0060001B /* GenTest.app */,
				DAD340072B979DAC0060001B /* GenTestTests.xctest */,
				DAD340112B979DAC0060001B /* GenTestUITests.xctest */,
			);
			name = Products;
			sourceTree = "<group>";
		};
		DAD33FF92B979DAB0060001B /* GenTest */ = {
			isa = PBXGroup;
			children = (
				DAD33FFA2B979DAB0060001B /* GenTestApp.swift */,
				DAA1474D2BA4E5DC00F84F8A /* Utils */,
				DAD33FFE2B979DAC0060001B /* Assets.xcassets */,
				DAD340252B979E2C0060001B /* Models */,
				DAD340242B979E250060001B /* API's */,
				DAD340272B979E550060001B /* Views */,
				DAD340262B979E400060001B /* ObservableState */,
				DAD340002B979DAC0060001B /* Preview Content */,
			);
			path = GenTest;
			sourceTree = "<group>";
		};
		DAD340002B979DAC0060001B /* Preview Content */ = {
			isa = PBXGroup;
			children = (
				DAD340012B979DAC0060001B /* Preview Assets.xcassets */,
			);
			path = "Preview Content";
			sourceTree = "<group>";
		};
		DAD3400A2B979DAC0060001B /* GenTestTests */ = {
			isa = PBXGroup;
			children = (
				DAD3400B2B979DAC0060001B /* GenTestTests.swift */,
			);
			path = GenTestTests;
			sourceTree = "<group>";
		};
		DAD340142B979DAC0060001B /* GenTestUITests */ = {
			isa = PBXGroup;
			children = (
				DAD340152B979DAC0060001B /* GenTestUITests.swift */,
				DAD340172B979DAC0060001B /* GenTestUITestsLaunchTests.swift */,
			);
			path = GenTestUITests;
			sourceTree = "<group>";
		};
		DAD340242B979E250060001B /* API's */ = {
			isa = PBXGroup;
			children = (
				DA58F1362B9F73A000C1F5A1 /* WillCallAPI */,
				DA58F1352B9F730C00C1F5A1 /* UserAPI */,
			);
			path = "API's";
			sourceTree = "<group>";
		};
		DAD340252B979E2C0060001B /* Models */ = {
			isa = PBXGroup;
			children = (
				DA1A8D462BB7666400F570B0 /* Will Call Ticket Models */,
				DA1A8D452BB7663F00F570B0 /* User Models */,
				DA89EBE32BB6194400AC2E93 /* Branch Checklist Model */,
				DAD3405A2B9A2F070060001B /* Branches.swift */,
				DACB090A2BAB87450084EE61 /* AssetModel.swift */,
			);
			path = Models;
			sourceTree = "<group>";
		};
		DAD340262B979E400060001B /* ObservableState */ = {
			isa = PBXGroup;
			children = (
				DAD3402E2B97A3190060001B /* User.swift */,
				DA58F13D2B9FB59000C1F5A1 /* BranchTickets.swift */,
				DA52ADC42BBF1E55005EAC26 /* ForkliftChecklistInfoViewModel.swift */,
			);
			path = ObservableState;
			sourceTree = "<group>";
		};
		DAD340272B979E550060001B /* Views */ = {
			isa = PBXGroup;
			children = (
				DAD340282B979E820060001B /* Main.swift */,
				DAD3404E2B9915000060001B /* testPage.swift */,
				DAD340462B98E9380060001B /* ErrorView.swift */,
				DACB09162BACB0F40084EE61 /* scrap.swift */,
				DAD3404C2B990C2A0060001B /* AdminDashboard.swift */,
				DAD340402B98D0920060001B /* LoginPage.swift */,
				DAD3402A2B979F2A0060001B /* LoginScreen.swift */,
				DACB09222BB213AE0084EE61 /* AisleMaintenanceView.swift */,
				DACB09242BB214390084EE61 /* AisleMaintenaceHeader.swift */,
				DAD340422B98D1BC0060001B /* ManagerDashboard.swift */,
				DAD3405E2B9A67DD0060001B /* SelectBranch.swift */,
				DAD340542B9921160060001B /* SaferBuckForms.swift */,
				DA28D53B2BA213E0003A4797 /* ObservationForm.swift */,
				DAA147502BA88F6100F84F8A /* ForkLifts.swift */,
				DAD340442B98D1DE0060001B /* TMDashboard.swift */,
				DA58F1332B9F72D600C1F5A1 /* WillCallView.swift */,
				DAD3404A2B990C120060001B /* OperationDashboard.swift */,
				DAD340562B9927230060001B /* AssetPage.swift */,
				DAD340342B97B3320060001B /* OtherScreen.swift */,
				DA89EBCA2BB482EF00AC2E93 /* Branch Checklist */,
				DACB091A2BACE3C70084EE61 /* Pickers */,
				DACB08FB2BA8D5810084EE61 /* TeamMember Profile */,
			);
			path = Views;
			sourceTree = "<group>";
		};
/* End PBXGroup section */

/* Begin PBXNativeTarget section */
		DAD33FF62B979DAB0060001B /* GenTest */ = {
			isa = PBXNativeTarget;
			buildConfigurationList = DAD3401B2B979DAC0060001B /* Build configuration list for PBXNativeTarget "GenTest" */;
			buildPhases = (
				DAD33FF32B979DAB0060001B /* Sources */,
				DAD33FF42B979DAB0060001B /* Frameworks */,
				DAD33FF52B979DAB0060001B /* Resources */,
			);
			buildRules = (
			);
			dependencies = (
			);
			name = GenTest;
			productName = GenTest;
			productReference = DAD33FF72B979DAB0060001B /* GenTest.app */;
			productType = "com.apple.product-type.application";
		};
		DAD340062B979DAC0060001B /* GenTestTests */ = {
			isa = PBXNativeTarget;
			buildConfigurationList = DAD3401E2B979DAC0060001B /* Build configuration list for PBXNativeTarget "GenTestTests" */;
			buildPhases = (
				DAD340032B979DAC0060001B /* Sources */,
				DAD340042B979DAC0060001B /* Frameworks */,
				DAD340052B979DAC0060001B /* Resources */,
			);
			buildRules = (
			);
			dependencies = (
				DAD340092B979DAC0060001B /* PBXTargetDependency */,
			);
			name = GenTestTests;
			productName = GenTestTests;
			productReference = DAD340072B979DAC0060001B /* GenTestTests.xctest */;
			productType = "com.apple.product-type.bundle.unit-test";
		};
		DAD340102B979DAC0060001B /* GenTestUITests */ = {
			isa = PBXNativeTarget;
			buildConfigurationList = DAD340212B979DAC0060001B /* Build configuration list for PBXNativeTarget "GenTestUITests" */;
			buildPhases = (
				DAD3400D2B979DAC0060001B /* Sources */,
				DAD3400E2B979DAC0060001B /* Frameworks */,
				DAD3400F2B979DAC0060001B /* Resources */,
			);
			buildRules = (
			);
			dependencies = (
				DAD340132B979DAC0060001B /* PBXTargetDependency */,
			);
			name = GenTestUITests;
			productName = GenTestUITests;
			productReference = DAD340112B979DAC0060001B /* GenTestUITests.xctest */;
			productType = "com.apple.product-type.bundle.ui-testing";
		};
/* End PBXNativeTarget section */

/* Begin PBXProject section */
		DAD33FEF2B979DAB0060001B /* Project object */ = {
			isa = PBXProject;
			attributes = {
				BuildIndependentTargetsInParallel = 1;
				LastSwiftUpdateCheck = 1520;
				LastUpgradeCheck = 1520;
				TargetAttributes = {
					DAD33FF62B979DAB0060001B = {
						CreatedOnToolsVersion = 15.2;
					};
					DAD340062B979DAC0060001B = {
						CreatedOnToolsVersion = 15.2;
						TestTargetID = DAD33FF62B979DAB0060001B;
					};
					DAD340102B979DAC0060001B = {
						CreatedOnToolsVersion = 15.2;
						TestTargetID = DAD33FF62B979DAB0060001B;
					};
				};
			};
			buildConfigurationList = DAD33FF22B979DAB0060001B /* Build configuration list for PBXProject "GenTest" */;
			compatibilityVersion = "Xcode 14.0";
			developmentRegion = en;
			hasScannedForEncodings = 0;
			knownRegions = (
				en,
				Base,
			);
			mainGroup = DAD33FEE2B979DAB0060001B;
			productRefGroup = DAD33FF82B979DAB0060001B /* Products */;
			projectDirPath = "";
			projectRoot = "";
			targets = (
				DAD33FF62B979DAB0060001B /* GenTest */,
				DAD340062B979DAC0060001B /* GenTestTests */,
				DAD340102B979DAC0060001B /* GenTestUITests */,
			);
		};
/* End PBXProject section */

/* Begin PBXResourcesBuildPhase section */
		DAD33FF52B979DAB0060001B /* Resources */ = {
			isa = PBXResourcesBuildPhase;
			buildActionMask = 2147483647;
			files = (
				DAD340022B979DAC0060001B /* Preview Assets.xcassets in Resources */,
				DAD33FFF2B979DAC0060001B /* Assets.xcassets in Resources */,
			);
			runOnlyForDeploymentPostprocessing = 0;
		};
		DAD340052B979DAC0060001B /* Resources */ = {
			isa = PBXResourcesBuildPhase;
			buildActionMask = 2147483647;
			files = (
			);
			runOnlyForDeploymentPostprocessing = 0;
		};
		DAD3400F2B979DAC0060001B /* Resources */ = {
			isa = PBXResourcesBuildPhase;
			buildActionMask = 2147483647;
			files = (
			);
			runOnlyForDeploymentPostprocessing = 0;
		};
/* End PBXResourcesBuildPhase section */

/* Begin PBXSourcesBuildPhase section */
		DAD33FF32B979DAB0060001B /* Sources */ = {
			isa = PBXSourcesBuildPhase;
			buildActionMask = 2147483647;
			files = (
				DA58F13C2B9FB1A600C1F5A1 /* StoreTickets.swift in Sources */,
				DACB09252BB214390084EE61 /* AisleMaintenaceHeader.swift in Sources */,
				DACB09232BB213AE0084EE61 /* AisleMaintenanceView.swift in Sources */,
				DAD3404D2B990C2A0060001B /* AdminDashboard.swift in Sources */,
				DAD3404F2B9915000060001B /* testPage.swift in Sources */,
				DA52ADD12BC058CD005EAC26 /* PickerDetailInfo.swift in Sources */,
				DA1A8D5F2BBDB04F00F570B0 /* BCPageSeven.swift in Sources */,
				DAD340312B97A9320060001B /* LoginUserModel.swift in Sources */,
				DA1A8D442BB7647900F570B0 /* BranchChecklistPage4Model.swift in Sources */,
				DA1A8D352BB74F7600F570B0 /* BranchChecklistPage2Model.swift in Sources */,
				DA1A8D372BB7517A00F570B0 /* BranchChecklistPage3Model.swift in Sources */,
				DA89EBD52BB4C97200AC2E93 /* BCPageOne.swift in Sources */,
				DA52ADEC2BC0A6FF005EAC26 /* DVDetailInfo.swift in Sources */,
				DA1A8D512BBC554100F570B0 /* BranchChecklistPage5Model.swift in Sources */,
				DA52ADC82BBF2A5C005EAC26 /* AddForkliftInfo.swift in Sources */,
				DA1A8D6E2BBDE53100F570B0 /* Page8Sect1.swift in Sources */,
				DACB091E2BACE5FE0084EE61 /* TimeFunction.swift in Sources */,
				DACB09272BB2182A0084EE61 /* AMQuestions.swift in Sources */,
				DAD3402D2B979F820060001B /* LoginAPI.swift in Sources */,
				DAA1474F2BA4E61600F84F8A /* QuestionPicker.swift in Sources */,
				DACB090B2BAB87450084EE61 /* AssetModel.swift in Sources */,
				DA52ADC52BBF1E55005EAC26 /* ForkliftChecklistInfoViewModel.swift in Sources */,
				DA1A8D652BBDBF7F00F570B0 /* Page7Sect3.swift in Sources */,
				DA1A8D422BB7626700F570B0 /* Page4Sect4.swift in Sources */,
				DA1A8D632BBDBBF900F570B0 /* Page7Sect2.swift in Sources */,
				DAA147512BA88F6100F84F8A /* ForkLifts.swift in Sources */,
				DA1A8D332BB7274700F570B0 /* Page3Sec3.swift in Sources */,
				DA52ADE52BC09C20005EAC26 /* DeliveryVehiclesChecklistInfo.swift in Sources */,
				DA52ADDC2BC062E3005EAC26 /* OtherEquipDetailInfo.swift in Sources */,
				DACB091C2BACE3F00084EE61 /* PickerHeader.swift in Sources */,
				DA89EBD92BB5B3C000AC2E93 /* Page1Sec3.swift in Sources */,
				DA58F1342B9F72D600C1F5A1 /* WillCallView.swift in Sources */,
				DA1A8D492BBC4DE800F570B0 /* BCPageFive.swift in Sources */,
				DAD340292B979E820060001B /* Main.swift in Sources */,
				DAD340592B992A550060001B /* Pickers.swift in Sources */,
				DA89EBD22BB4C8EF00AC2E93 /* BranchChecklistMain.swift in Sources */,
				DAD33FFB2B979DAB0060001B /* GenTestApp.swift in Sources */,
				DACB09052BAA3F260084EE61 /* radioCheck.swift in Sources */,
				DA1A8D3A2BB75AD000F570B0 /* BCPageFour.swift in Sources */,
				DACB09112BAC86AD0084EE61 /* UserSession.swift in Sources */,
				DA1A8D4B2BBC4FD000F570B0 /* Page5Sect1.swift in Sources */,
				DA1A8D722BBDEB6400F570B0 /* Page8Sect2.swift in Sources */,
				DACB09152BACA0BB0084EE61 /* CheckBox.swift in Sources */,
				DAD340332B97B0EF0060001B /* StoreUser.swift in Sources */,
				DA89EBCE2BB4B69900AC2E93 /* BCHeader.swift in Sources */,
				DA89EBD02BB4B70E00AC2E93 /* Divider2.swift in Sources */,
				DA1A8D402BB7610D00F570B0 /* Page4Sect3.swift in Sources */,
				DAD3403B2B97CE330060001B /* GetUserModel.swift in Sources */,
				DA89EBD72BB4C99B00AC2E93 /* Page1Sec2.swift in Sources */,
				DA89EBDE2BB5DEC300AC2E93 /* Page2Sec1.swift in Sources */,
				DA1A8D4D2BBC523A00F570B0 /* Page5Sect2.swift in Sources */,
				DA1A8D3E2BB75EBB00F570B0 /* Page4Sect2.swift in Sources */,
				DAD3405B2B9A2F070060001B /* Branches.swift in Sources */,
				DAD340412B98D0920060001B /* LoginPage.swift in Sources */,
				DA1A8D702BBDE8AE00F570B0 /* BranchChecklistPage8Model.swift in Sources */,
				DAD340572B9927230060001B /* AssetPage.swift in Sources */,
				DA52ADE22BC067FB005EAC26 /* OtherEquipChecklistInfo.swift in Sources */,
				DAA147532BA8A3F600F84F8A /* TMProfileView.swift in Sources */,
				DAA1474C2BA4D47600F84F8A /* GetAllUsersModel.swift in Sources */,
				DA52ADE02BC067E4005EAC26 /* PickerChecklistInfo.swift in Sources */,
				DA1A8D612BBDB0D900F570B0 /* Page7Sect1.swift in Sources */,
				DA52ADEA2BC0A28E005EAC26 /* AddDVInfo.swift in Sources */,
				DA1A8D2F2BB706A000F570B0 /* Page3Sec1.swift in Sources */,
				DA52ADCA2BBF2ACA005EAC26 /* ForkliftDetailInfo.swift in Sources */,
				DA89EBE22BB6002B00AC2E93 /* Page2Sec3.swift in Sources */,
				DA1A8D542BBC5A2A00F570B0 /* BCPageSix.swift in Sources */,
				DA1A8D4F2BBC53BC00F570B0 /* Page5Sect3.swift in Sources */,
				DA1A8D3C2BB75B8C00F570B0 /* Page4Sect1.swift in Sources */,
				DA52ADDE2BC067C4005EAC26 /* ForkliftChecklistInfo.swift in Sources */,
				DA1A8D5A2BBC5DD200F570B0 /* Page6Sect3.swift in Sources */,
				DACB09192BACCCC30084EE61 /* AssetCheckList.swift in Sources */,
				DA28D53C2BA213E0003A4797 /* ObservationForm.swift in Sources */,
				DA1A8D312BB720F500F570B0 /* Page3Sec2.swift in Sources */,
				DA1A8D2D2BB7067B00F570B0 /* BCPageThree.swift in Sources */,
				DACB08FF2BA8EEC60084EE61 /* TMYearlyGoals.swift in Sources */,
				DAA147452BA4C32300F84F8A /* GetAllUsersAPI.swift in Sources */,
				DA89EBE02BB5E65400AC2E93 /* Page2Sec2.swift in Sources */,
				DA1A8D562BBC5AC700F570B0 /* Page6Sect1.swift in Sources */,
				DAD3402F2B97A3190060001B /* User.swift in Sources */,
				DA1A8D672BBDC09C00F570B0 /* Page7Sect4.swift in Sources */,
				DACB08FD2BA8D5B00084EE61 /* TMSaferBucks.swift in Sources */,
				DA89EBE52BB6197800AC2E93 /* BranchChecklistPage1Model.swift in Sources */,
				DA52ADD82BC05FDA005EAC26 /* Page8Sect4.swift in Sources */,
				DA52ADCD2BC04D75005EAC26 /* Page8Sect3.swift in Sources */,
				DACB09172BACB0F40084EE61 /* scrap.swift in Sources */,
				DAD3405F2B9A67DD0060001B /* SelectBranch.swift in Sources */,
				DAD340452B98D1DE0060001B /* TMDashboard.swift in Sources */,
				DACB09132BAC95C90084EE61 /* PickerDisplay.swift in Sources */,
				DAD340352B97B3320060001B /* OtherScreen.swift in Sources */,
				DA52ADDA2BC06100005EAC26 /* AddOtherEquipInfo.swift in Sources */,
				DA58F1382B9FA40000C1F5A1 /* GetBranchWillCallAPI.swift in Sources */,
				DA1A8D6C2BBDE51600F570B0 /* BCPageEight.swift in Sources */,
				DA89EBCC2BB4832500AC2E93 /* Page1Sec1.swift in Sources */,
				DAD340392B97CDEB0060001B /* GetUserAPI.swift in Sources */,
				DAD3404B2B990C120060001B /* OperationDashboard.swift in Sources */,
				DACB09032BA9F70A0084EE61 /* RadioButtonGroups.swift in Sources */,
				DA58F13A2B9FA52400C1F5A1 /* TicketModel.swift in Sources */,
				DA58F13E2B9FB59000C1F5A1 /* BranchTickets.swift in Sources */,
				DAD340552B9921160060001B /* SaferBuckForms.swift in Sources */,
				DAA147552BA8D36500F84F8A /* TMProfileInfo.swift in Sources */,
				DACB09012BA9F6DC0084EE61 /* RadioButtonFields.swift in Sources */,
				DA1A8D692BBDC42F00F570B0 /* BranchChecklistPage7Model.swift in Sources */,
				DA1A8D5C2BBC5E9D00F570B0 /* BranchChecklistPage6Model.swift in Sources */,
				DAD340432B98D1BC0060001B /* ManagerDashboard.swift in Sources */,
				DAD3402B2B979F2A0060001B /* LoginScreen.swift in Sources */,
				DA1A8D582BBC5CD800F570B0 /* Page6Sect2.swift in Sources */,
				DA52ADE82BC0A145005EAC26 /* Page8Sect5.swift in Sources */,
				DA52ADCF2BC05786005EAC26 /* AddPickerInfo.swift in Sources */,
				DAD340472B98E9380060001B /* ErrorView.swift in Sources */,
				DA89EBDC2BB5BEBE00AC2E93 /* BCPageTwo.swift in Sources */,
			);
			runOnlyForDeploymentPostprocessing = 0;
		};
		DAD340032B979DAC0060001B /* Sources */ = {
			isa = PBXSourcesBuildPhase;
			buildActionMask = 2147483647;
			files = (
				DAD3400C2B979DAC0060001B /* GenTestTests.swift in Sources */,
			);
			runOnlyForDeploymentPostprocessing = 0;
		};
		DAD3400D2B979DAC0060001B /* Sources */ = {
			isa = PBXSourcesBuildPhase;
			buildActionMask = 2147483647;
			files = (
				DAD340162B979DAC0060001B /* GenTestUITests.swift in Sources */,
				DAD340182B979DAC0060001B /* GenTestUITestsLaunchTests.swift in Sources */,
			);
			runOnlyForDeploymentPostprocessing = 0;
		};
/* End PBXSourcesBuildPhase section */

/* Begin PBXTargetDependency section */
		DAD340092B979DAC0060001B /* PBXTargetDependency */ = {
			isa = PBXTargetDependency;
			target = DAD33FF62B979DAB0060001B /* GenTest */;
			targetProxy = DAD340082B979DAC0060001B /* PBXContainerItemProxy */;
		};
		DAD340132B979DAC0060001B /* PBXTargetDependency */ = {
			isa = PBXTargetDependency;
			target = DAD33FF62B979DAB0060001B /* GenTest */;
			targetProxy = DAD340122B979DAC0060001B /* PBXContainerItemProxy */;
		};
/* End PBXTargetDependency section */

/* Begin XCBuildConfiguration section */
		DAD340192B979DAC0060001B /* Debug */ = {
			isa = XCBuildConfiguration;
			buildSettings = {
				ALWAYS_SEARCH_USER_PATHS = NO;
				ASSETCATALOG_COMPILER_GENERATE_SWIFT_ASSET_SYMBOL_EXTENSIONS = YES;
				CLANG_ANALYZER_NONNULL = YES;
				CLANG_ANALYZER_NUMBER_OBJECT_CONVERSION = YES_AGGRESSIVE;
				CLANG_CXX_LANGUAGE_STANDARD = "gnu++20";
				CLANG_ENABLE_MODULES = YES;
				CLANG_ENABLE_OBJC_ARC = YES;
				CLANG_ENABLE_OBJC_WEAK = YES;
				CLANG_WARN_BLOCK_CAPTURE_AUTORELEASING = YES;
				CLANG_WARN_BOOL_CONVERSION = YES;
				CLANG_WARN_COMMA = YES;
				CLANG_WARN_CONSTANT_CONVERSION = YES;
				CLANG_WARN_DEPRECATED_OBJC_IMPLEMENTATIONS = YES;
				CLANG_WARN_DIRECT_OBJC_ISA_USAGE = YES_ERROR;
				CLANG_WARN_DOCUMENTATION_COMMENTS = YES;
				CLANG_WARN_EMPTY_BODY = YES;
				CLANG_WARN_ENUM_CONVERSION = YES;
				CLANG_WARN_INFINITE_RECURSION = YES;
				CLANG_WARN_INT_CONVERSION = YES;
				CLANG_WARN_NON_LITERAL_NULL_CONVERSION = YES;
				CLANG_WARN_OBJC_IMPLICIT_RETAIN_SELF = YES;
				CLANG_WARN_OBJC_LITERAL_CONVERSION = YES;
				CLANG_WARN_OBJC_ROOT_CLASS = YES_ERROR;
				CLANG_WARN_QUOTED_INCLUDE_IN_FRAMEWORK_HEADER = YES;
				CLANG_WARN_RANGE_LOOP_ANALYSIS = YES;
				CLANG_WARN_STRICT_PROTOTYPES = YES;
				CLANG_WARN_SUSPICIOUS_MOVE = YES;
				CLANG_WARN_UNGUARDED_AVAILABILITY = YES_AGGRESSIVE;
				CLANG_WARN_UNREACHABLE_CODE = YES;
				CLANG_WARN__DUPLICATE_METHOD_MATCH = YES;
				COPY_PHASE_STRIP = NO;
				DEBUG_INFORMATION_FORMAT = dwarf;
				ENABLE_STRICT_OBJC_MSGSEND = YES;
				ENABLE_TESTABILITY = YES;
				ENABLE_USER_SCRIPT_SANDBOXING = YES;
				GCC_C_LANGUAGE_STANDARD = gnu17;
				GCC_DYNAMIC_NO_PIC = NO;
				GCC_NO_COMMON_BLOCKS = YES;
				GCC_OPTIMIZATION_LEVEL = 0;
				GCC_PREPROCESSOR_DEFINITIONS = (
					"DEBUG=1",
					"$(inherited)",
				);
				GCC_WARN_64_TO_32_BIT_CONVERSION = YES;
				GCC_WARN_ABOUT_RETURN_TYPE = YES_ERROR;
				GCC_WARN_UNDECLARED_SELECTOR = YES;
				GCC_WARN_UNINITIALIZED_AUTOS = YES_AGGRESSIVE;
				GCC_WARN_UNUSED_FUNCTION = YES;
				GCC_WARN_UNUSED_VARIABLE = YES;
				IPHONEOS_DEPLOYMENT_TARGET = 17.2;
				LOCALIZATION_PREFERS_STRING_CATALOGS = YES;
				MTL_ENABLE_DEBUG_INFO = INCLUDE_SOURCE;
				MTL_FAST_MATH = YES;
				ONLY_ACTIVE_ARCH = YES;
				SDKROOT = iphoneos;
				SWIFT_ACTIVE_COMPILATION_CONDITIONS = "DEBUG $(inherited)";
				SWIFT_OPTIMIZATION_LEVEL = "-Onone";
			};
			name = Debug;
		};
		DAD3401A2B979DAC0060001B /* Release */ = {
			isa = XCBuildConfiguration;
			buildSettings = {
				ALWAYS_SEARCH_USER_PATHS = NO;
				ASSETCATALOG_COMPILER_GENERATE_SWIFT_ASSET_SYMBOL_EXTENSIONS = YES;
				CLANG_ANALYZER_NONNULL = YES;
				CLANG_ANALYZER_NUMBER_OBJECT_CONVERSION = YES_AGGRESSIVE;
				CLANG_CXX_LANGUAGE_STANDARD = "gnu++20";
				CLANG_ENABLE_MODULES = YES;
				CLANG_ENABLE_OBJC_ARC = YES;
				CLANG_ENABLE_OBJC_WEAK = YES;
				CLANG_WARN_BLOCK_CAPTURE_AUTORELEASING = YES;
				CLANG_WARN_BOOL_CONVERSION = YES;
				CLANG_WARN_COMMA = YES;
				CLANG_WARN_CONSTANT_CONVERSION = YES;
				CLANG_WARN_DEPRECATED_OBJC_IMPLEMENTATIONS = YES;
				CLANG_WARN_DIRECT_OBJC_ISA_USAGE = YES_ERROR;
				CLANG_WARN_DOCUMENTATION_COMMENTS = YES;
				CLANG_WARN_EMPTY_BODY = YES;
				CLANG_WARN_ENUM_CONVERSION = YES;
				CLANG_WARN_INFINITE_RECURSION = YES;
				CLANG_WARN_INT_CONVERSION = YES;
				CLANG_WARN_NON_LITERAL_NULL_CONVERSION = YES;
				CLANG_WARN_OBJC_IMPLICIT_RETAIN_SELF = YES;
				CLANG_WARN_OBJC_LITERAL_CONVERSION = YES;
				CLANG_WARN_OBJC_ROOT_CLASS = YES_ERROR;
				CLANG_WARN_QUOTED_INCLUDE_IN_FRAMEWORK_HEADER = YES;
				CLANG_WARN_RANGE_LOOP_ANALYSIS = YES;
				CLANG_WARN_STRICT_PROTOTYPES = YES;
				CLANG_WARN_SUSPICIOUS_MOVE = YES;
				CLANG_WARN_UNGUARDED_AVAILABILITY = YES_AGGRESSIVE;
				CLANG_WARN_UNREACHABLE_CODE = YES;
				CLANG_WARN__DUPLICATE_METHOD_MATCH = YES;
				COPY_PHASE_STRIP = NO;
				DEBUG_INFORMATION_FORMAT = "dwarf-with-dsym";
				ENABLE_NS_ASSERTIONS = NO;
				ENABLE_STRICT_OBJC_MSGSEND = YES;
				ENABLE_USER_SCRIPT_SANDBOXING = YES;
				GCC_C_LANGUAGE_STANDARD = gnu17;
				GCC_NO_COMMON_BLOCKS = YES;
				GCC_WARN_64_TO_32_BIT_CONVERSION = YES;
				GCC_WARN_ABOUT_RETURN_TYPE = YES_ERROR;
				GCC_WARN_UNDECLARED_SELECTOR = YES;
				GCC_WARN_UNINITIALIZED_AUTOS = YES_AGGRESSIVE;
				GCC_WARN_UNUSED_FUNCTION = YES;
				GCC_WARN_UNUSED_VARIABLE = YES;
				IPHONEOS_DEPLOYMENT_TARGET = 17.2;
				LOCALIZATION_PREFERS_STRING_CATALOGS = YES;
				MTL_ENABLE_DEBUG_INFO = NO;
				MTL_FAST_MATH = YES;
				SDKROOT = iphoneos;
				SWIFT_COMPILATION_MODE = wholemodule;
				VALIDATE_PRODUCT = YES;
			};
			name = Release;
		};
		DAD3401C2B979DAC0060001B /* Debug */ = {
			isa = XCBuildConfiguration;
			buildSettings = {
				ASSETCATALOG_COMPILER_APPICON_NAME = AppIcon;
				ASSETCATALOG_COMPILER_GLOBAL_ACCENT_COLOR_NAME = AccentColor;
				CODE_SIGN_STYLE = Automatic;
				CURRENT_PROJECT_VERSION = 1;
				DEVELOPMENT_ASSET_PATHS = "\"GenTest/Preview Content\"";
				DEVELOPMENT_TEAM = Z24LPLVW4V;
				ENABLE_PREVIEWS = YES;
				GENERATE_INFOPLIST_FILE = YES;
				INFOPLIST_KEY_UIApplicationSceneManifest_Generation = YES;
				INFOPLIST_KEY_UIApplicationSupportsIndirectInputEvents = YES;
				INFOPLIST_KEY_UILaunchScreen_Generation = YES;
				INFOPLIST_KEY_UISupportedInterfaceOrientations_iPad = "UIInterfaceOrientationPortrait UIInterfaceOrientationPortraitUpsideDown UIInterfaceOrientationLandscapeLeft UIInterfaceOrientationLandscapeRight";
				INFOPLIST_KEY_UISupportedInterfaceOrientations_iPhone = "UIInterfaceOrientationPortrait UIInterfaceOrientationLandscapeLeft UIInterfaceOrientationLandscapeRight";
				IPHONEOS_DEPLOYMENT_TARGET = 16.5;
				LD_RUNPATH_SEARCH_PATHS = (
					"$(inherited)",
					"@executable_path/Frameworks",
				);
				MARKETING_VERSION = 1.0;
				PRODUCT_BUNDLE_IDENTIFIER = co.dcastro99.GenTest;
				PRODUCT_NAME = "$(TARGET_NAME)";
				SWIFT_EMIT_LOC_STRINGS = YES;
				SWIFT_VERSION = 5.0;
				TARGETED_DEVICE_FAMILY = "1,2";
			};
			name = Debug;
		};
		DAD3401D2B979DAC0060001B /* Release */ = {
			isa = XCBuildConfiguration;
			buildSettings = {
				ASSETCATALOG_COMPILER_APPICON_NAME = AppIcon;
				ASSETCATALOG_COMPILER_GLOBAL_ACCENT_COLOR_NAME = AccentColor;
				CODE_SIGN_STYLE = Automatic;
				CURRENT_PROJECT_VERSION = 1;
				DEVELOPMENT_ASSET_PATHS = "\"GenTest/Preview Content\"";
				DEVELOPMENT_TEAM = Z24LPLVW4V;
				ENABLE_PREVIEWS = YES;
				GENERATE_INFOPLIST_FILE = YES;
				INFOPLIST_KEY_UIApplicationSceneManifest_Generation = YES;
				INFOPLIST_KEY_UIApplicationSupportsIndirectInputEvents = YES;
				INFOPLIST_KEY_UILaunchScreen_Generation = YES;
				INFOPLIST_KEY_UISupportedInterfaceOrientations_iPad = "UIInterfaceOrientationPortrait UIInterfaceOrientationPortraitUpsideDown UIInterfaceOrientationLandscapeLeft UIInterfaceOrientationLandscapeRight";
				INFOPLIST_KEY_UISupportedInterfaceOrientations_iPhone = "UIInterfaceOrientationPortrait UIInterfaceOrientationLandscapeLeft UIInterfaceOrientationLandscapeRight";
				IPHONEOS_DEPLOYMENT_TARGET = 16.5;
				LD_RUNPATH_SEARCH_PATHS = (
					"$(inherited)",
					"@executable_path/Frameworks",
				);
				MARKETING_VERSION = 1.0;
				PRODUCT_BUNDLE_IDENTIFIER = co.dcastro99.GenTest;
				PRODUCT_NAME = "$(TARGET_NAME)";
				SWIFT_EMIT_LOC_STRINGS = YES;
				SWIFT_VERSION = 5.0;
				TARGETED_DEVICE_FAMILY = "1,2";
			};
			name = Release;
		};
		DAD3401F2B979DAC0060001B /* Debug */ = {
			isa = XCBuildConfiguration;
			buildSettings = {
				ALWAYS_EMBED_SWIFT_STANDARD_LIBRARIES = YES;
				BUNDLE_LOADER = "$(TEST_HOST)";
				CODE_SIGN_STYLE = Automatic;
				CURRENT_PROJECT_VERSION = 1;
				DEVELOPMENT_TEAM = Z24LPLVW4V;
				GENERATE_INFOPLIST_FILE = YES;
				IPHONEOS_DEPLOYMENT_TARGET = 17.2;
				MARKETING_VERSION = 1.0;
				PRODUCT_BUNDLE_IDENTIFIER = co.dcastro99.GenTestTests;
				PRODUCT_NAME = "$(TARGET_NAME)";
				SWIFT_EMIT_LOC_STRINGS = NO;
				SWIFT_VERSION = 5.0;
				TARGETED_DEVICE_FAMILY = "1,2";
				TEST_HOST = "$(BUILT_PRODUCTS_DIR)/GenTest.app/$(BUNDLE_EXECUTABLE_FOLDER_PATH)/GenTest";
			};
			name = Debug;
		};
		DAD340202B979DAC0060001B /* Release */ = {
			isa = XCBuildConfiguration;
			buildSettings = {
				ALWAYS_EMBED_SWIFT_STANDARD_LIBRARIES = YES;
				BUNDLE_LOADER = "$(TEST_HOST)";
				CODE_SIGN_STYLE = Automatic;
				CURRENT_PROJECT_VERSION = 1;
				DEVELOPMENT_TEAM = Z24LPLVW4V;
				GENERATE_INFOPLIST_FILE = YES;
				IPHONEOS_DEPLOYMENT_TARGET = 17.2;
				MARKETING_VERSION = 1.0;
				PRODUCT_BUNDLE_IDENTIFIER = co.dcastro99.GenTestTests;
				PRODUCT_NAME = "$(TARGET_NAME)";
				SWIFT_EMIT_LOC_STRINGS = NO;
				SWIFT_VERSION = 5.0;
				TARGETED_DEVICE_FAMILY = "1,2";
				TEST_HOST = "$(BUILT_PRODUCTS_DIR)/GenTest.app/$(BUNDLE_EXECUTABLE_FOLDER_PATH)/GenTest";
			};
			name = Release;
		};
		DAD340222B979DAC0060001B /* Debug */ = {
			isa = XCBuildConfiguration;
			buildSettings = {
				ALWAYS_EMBED_SWIFT_STANDARD_LIBRARIES = YES;
				CODE_SIGN_STYLE = Automatic;
				CURRENT_PROJECT_VERSION = 1;
				DEVELOPMENT_TEAM = Z24LPLVW4V;
				GENERATE_INFOPLIST_FILE = YES;
				MARKETING_VERSION = 1.0;
				PRODUCT_BUNDLE_IDENTIFIER = co.dcastro99.GenTestUITests;
				PRODUCT_NAME = "$(TARGET_NAME)";
				SWIFT_EMIT_LOC_STRINGS = NO;
				SWIFT_VERSION = 5.0;
				TARGETED_DEVICE_FAMILY = "1,2";
				TEST_TARGET_NAME = GenTest;
			};
			name = Debug;
		};
		DAD340232B979DAC0060001B /* Release */ = {
			isa = XCBuildConfiguration;
			buildSettings = {
				ALWAYS_EMBED_SWIFT_STANDARD_LIBRARIES = YES;
				CODE_SIGN_STYLE = Automatic;
				CURRENT_PROJECT_VERSION = 1;
				DEVELOPMENT_TEAM = Z24LPLVW4V;
				GENERATE_INFOPLIST_FILE = YES;
				MARKETING_VERSION = 1.0;
				PRODUCT_BUNDLE_IDENTIFIER = co.dcastro99.GenTestUITests;
				PRODUCT_NAME = "$(TARGET_NAME)";
				SWIFT_EMIT_LOC_STRINGS = NO;
				SWIFT_VERSION = 5.0;
				TARGETED_DEVICE_FAMILY = "1,2";
				TEST_TARGET_NAME = GenTest;
			};
			name = Release;
		};
/* End XCBuildConfiguration section */

/* Begin XCConfigurationList section */
		DAD33FF22B979DAB0060001B /* Build configuration list for PBXProject "GenTest" */ = {
			isa = XCConfigurationList;
			buildConfigurations = (
				DAD340192B979DAC0060001B /* Debug */,
				DAD3401A2B979DAC0060001B /* Release */,
			);
			defaultConfigurationIsVisible = 0;
			defaultConfigurationName = Release;
		};
		DAD3401B2B979DAC0060001B /* Build configuration list for PBXNativeTarget "GenTest" */ = {
			isa = XCConfigurationList;
			buildConfigurations = (
				DAD3401C2B979DAC0060001B /* Debug */,
				DAD3401D2B979DAC0060001B /* Release */,
			);
			defaultConfigurationIsVisible = 0;
			defaultConfigurationName = Release;
		};
		DAD3401E2B979DAC0060001B /* Build configuration list for PBXNativeTarget "GenTestTests" */ = {
			isa = XCConfigurationList;
			buildConfigurations = (
				DAD3401F2B979DAC0060001B /* Debug */,
				DAD340202B979DAC0060001B /* Release */,
			);
			defaultConfigurationIsVisible = 0;
			defaultConfigurationName = Release;
		};
		DAD340212B979DAC0060001B /* Build configuration list for PBXNativeTarget "GenTestUITests" */ = {
			isa = XCConfigurationList;
			buildConfigurations = (
				DAD340222B979DAC0060001B /* Debug */,
				DAD340232B979DAC0060001B /* Release */,
			);
			defaultConfigurationIsVisible = 0;
			defaultConfigurationName = Release;
		};
/* End XCConfigurationList section */
	};
	rootObject = DAD33FEF2B979DAB0060001B /* Project object */;
}
